// !$*UTF8*$!
{
	archiveVersion = 1;
	classes = {
	};
	objectVersion = 56;
	objects = {

/* Begin PBXBuildFile section */
		7400CDF82A3CA0710003292C /* rain medium heavy falling trees forest.mp3 in Resources */ = {isa = PBXBuildFile; fileRef = 7400CDF32A3CA0700003292C /* rain medium heavy falling trees forest.mp3 */; };
		7400CDF92A3CA0710003292C /* rain medium.mp3 in Resources */ = {isa = PBXBuildFile; fileRef = 7400CDF42A3CA0700003292C /* rain medium.mp3 */; };
		7400CE022A3CA57F0003292C /* soft rain.mp3 in Resources */ = {isa = PBXBuildFile; fileRef = 7400CDFC2A3CA57F0003292C /* soft rain.mp3 */; };
		7400CE032A3CA57F0003292C /* fire crackle spit flames fireplace.mp3 in Resources */ = {isa = PBXBuildFile; fileRef = 7400CDFD2A3CA57F0003292C /* fire crackle spit flames fireplace.mp3 */; };
		7400CE042A3CA57F0003292C /* spring rain.mp3 in Resources */ = {isa = PBXBuildFile; fileRef = 7400CDFE2A3CA57F0003292C /* spring rain.mp3 */; };
		7400CE052A3CA57F0003292C /* fire in fireplace spit rumble crackle.mp3 in Resources */ = {isa = PBXBuildFile; fileRef = 7400CDFF2A3CA57F0003292C /* fire in fireplace spit rumble crackle.mp3 */; };
		7400CE062A3CA57F0003292C /* thunder ssolated distant low rumble.mp3 in Resources */ = {isa = PBXBuildFile; fileRef = 7400CE002A3CA57F0003292C /* thunder ssolated distant low rumble.mp3 */; };
		7400CE072A3CA57F0003292C /* fire burning crackle fireplace.mp3 in Resources */ = {isa = PBXBuildFile; fileRef = 7400CE012A3CA57F0003292C /* fire burning crackle fireplace.mp3 */; };
		74349A542A26413C00AB0EF5 /* WhiteNoiseApp.swift in Sources */ = {isa = PBXBuildFile; fileRef = 74349A532A26413C00AB0EF5 /* WhiteNoiseApp.swift */; };
		74349A562A26413C00AB0EF5 /* ContentView.swift in Sources */ = {isa = PBXBuildFile; fileRef = 74349A552A26413C00AB0EF5 /* ContentView.swift */; };
		74349A582A26413F00AB0EF5 /* Assets.xcassets in Resources */ = {isa = PBXBuildFile; fileRef = 74349A572A26413F00AB0EF5 /* Assets.xcassets */; };
		74349A5B2A26413F00AB0EF5 /* Preview Assets.xcassets in Resources */ = {isa = PBXBuildFile; fileRef = 74349A5A2A26413F00AB0EF5 /* Preview Assets.xcassets */; };
		74349A6F2A26413F00AB0EF5 /* WhiteNoiseUITests.swift in Sources */ = {isa = PBXBuildFile; fileRef = 74349A6E2A26413F00AB0EF5 /* WhiteNoiseUITests.swift */; };
		74349A712A26413F00AB0EF5 /* WhiteNoiseUITestsLaunchTests.swift in Sources */ = {isa = PBXBuildFile; fileRef = 74349A702A26413F00AB0EF5 /* WhiteNoiseUITestsLaunchTests.swift */; };
		74349A7E2A2646D000AB0EF5 /* WhiteNoisesView.swift in Sources */ = {isa = PBXBuildFile; fileRef = 74349A7D2A2646D000AB0EF5 /* WhiteNoisesView.swift */; };
		74349A802A2646EE00AB0EF5 /* Sound.swift in Sources */ = {isa = PBXBuildFile; fileRef = 74349A7F2A2646EE00AB0EF5 /* Sound.swift */; };
		74349A822A26470900AB0EF5 /* WhiteNoisesViewModel.swift in Sources */ = {isa = PBXBuildFile; fileRef = 74349A812A26470900AB0EF5 /* WhiteNoisesViewModel.swift */; };
		743A95912A28C1E500219803 /* Mediterranean sea, calm ocean waves splashing on rocks pebbles and sand.mp3 in Resources */ = {isa = PBXBuildFile; fileRef = 743A95902A28C1E500219803 /* Mediterranean sea, calm ocean waves splashing on rocks pebbles and sand.mp3 */; };
		743A95972A28C29700219803 /* Waterfall, medium close, people chatting, Bridal Falls, Canada.mp3 in Resources */ = {isa = PBXBuildFile; fileRef = 743A95962A28C29700219803 /* Waterfall, medium close, people chatting, Bridal Falls, Canada.mp3 */; };
		743A95992A28C2DC00219803 /* River or stream, water flowing, running.mp3 in Resources */ = {isa = PBXBuildFile; fileRef = 743A95982A28C2DC00219803 /* River or stream, water flowing, running.mp3 */; };
		743A959B2A28C31C00219803 /* River, French Alps, Binaural, Close perspective, Water, Flow, Mountain, Forest.mp3 in Resources */ = {isa = PBXBuildFile; fileRef = 743A959A2A28C31C00219803 /* River, French Alps, Binaural, Close perspective, Water, Flow, Mountain, Forest.mp3 */; };
		743A959D2A28C37700219803 /* Summer forest insects and birds.mp3 in Resources */ = {isa = PBXBuildFile; fileRef = 743A959C2A28C37700219803 /* Summer forest insects and birds.mp3 */; };
		743A959F2A28C39300219803 /* Woodland ambience & several birds.mp3 in Resources */ = {isa = PBXBuildFile; fileRef = 743A959E2A28C39300219803 /* Woodland ambience & several birds.mp3 */; };
		743A95A12A28CBFD00219803 /* SoundFactory.swift in Sources */ = {isa = PBXBuildFile; fileRef = 743A95A02A28CBFD00219803 /* SoundFactory.swift */; };
		74846D3D2A278474006627BB /* SoundView.swift in Sources */ = {isa = PBXBuildFile; fileRef = 74846D3C2A278474006627BB /* SoundView.swift */; };
		74846D3F2A2787FB006627BB /* SoundViewModel.swift in Sources */ = {isa = PBXBuildFile; fileRef = 74846D3E2A2787FB006627BB /* SoundViewModel.swift */; };
		74C1A07F2A336C5C00BB9E53 /* WhiteNoiseTests.swift in Sources */ = {isa = PBXBuildFile; fileRef = 74349A642A26413F00AB0EF5 /* WhiteNoiseTests.swift */; };
/* End PBXBuildFile section */

/* Begin PBXContainerItemProxy section */
		74349A612A26413F00AB0EF5 /* PBXContainerItemProxy */ = {
			isa = PBXContainerItemProxy;
			containerPortal = 74349A482A26413C00AB0EF5 /* Project object */;
			proxyType = 1;
			remoteGlobalIDString = 74349A4F2A26413C00AB0EF5;
			remoteInfo = WhiteNoise;
		};
		74349A6B2A26413F00AB0EF5 /* PBXContainerItemProxy */ = {
			isa = PBXContainerItemProxy;
			containerPortal = 74349A482A26413C00AB0EF5 /* Project object */;
			proxyType = 1;
			remoteGlobalIDString = 74349A4F2A26413C00AB0EF5;
			remoteInfo = WhiteNoise;
		};
/* End PBXContainerItemProxy section */

/* Begin PBXCopyFilesBuildPhase section */
		74CD168C2A45EC29004FE649 /* Embed Foundation Extensions */ = {
			isa = PBXCopyFilesBuildPhase;
			buildActionMask = 2147483647;
			dstPath = "";
			dstSubfolderSpec = 13;
			files = (
			);
			name = "Embed Foundation Extensions";
			runOnlyForDeploymentPostprocessing = 0;
		};
/* End PBXCopyFilesBuildPhase section */

/* Begin PBXFileReference section */
		7400CDF32A3CA0700003292C /* rain medium heavy falling trees forest.mp3 */ = {isa = PBXFileReference; lastKnownFileType = audio.mp3; path = "rain medium heavy falling trees forest.mp3"; sourceTree = "<group>"; };
		7400CDF42A3CA0700003292C /* rain medium.mp3 */ = {isa = PBXFileReference; lastKnownFileType = audio.mp3; path = "rain medium.mp3"; sourceTree = "<group>"; };
		7400CDFC2A3CA57F0003292C /* soft rain.mp3 */ = {isa = PBXFileReference; lastKnownFileType = audio.mp3; path = "soft rain.mp3"; sourceTree = "<group>"; };
		7400CDFD2A3CA57F0003292C /* fire crackle spit flames fireplace.mp3 */ = {isa = PBXFileReference; lastKnownFileType = audio.mp3; path = "fire crackle spit flames fireplace.mp3"; sourceTree = "<group>"; };
		7400CDFE2A3CA57F0003292C /* spring rain.mp3 */ = {isa = PBXFileReference; lastKnownFileType = audio.mp3; path = "spring rain.mp3"; sourceTree = "<group>"; };
		7400CDFF2A3CA57F0003292C /* fire in fireplace spit rumble crackle.mp3 */ = {isa = PBXFileReference; lastKnownFileType = audio.mp3; path = "fire in fireplace spit rumble crackle.mp3"; sourceTree = "<group>"; };
		7400CE002A3CA57F0003292C /* thunder ssolated distant low rumble.mp3 */ = {isa = PBXFileReference; lastKnownFileType = audio.mp3; path = "thunder ssolated distant low rumble.mp3"; sourceTree = "<group>"; };
		7400CE012A3CA57F0003292C /* fire burning crackle fireplace.mp3 */ = {isa = PBXFileReference; lastKnownFileType = audio.mp3; path = "fire burning crackle fireplace.mp3"; sourceTree = "<group>"; };
		74349A502A26413C00AB0EF5 /* WhiteSoundRuslan1234.app */ = {isa = PBXFileReference; explicitFileType = wrapper.application; includeInIndex = 0; path = WhiteSoundRuslan1234.app; sourceTree = BUILT_PRODUCTS_DIR; };
		74349A532A26413C00AB0EF5 /* WhiteNoiseApp.swift */ = {isa = PBXFileReference; lastKnownFileType = sourcecode.swift; path = WhiteNoiseApp.swift; sourceTree = "<group>"; };
		74349A552A26413C00AB0EF5 /* ContentView.swift */ = {isa = PBXFileReference; lastKnownFileType = sourcecode.swift; path = ContentView.swift; sourceTree = "<group>"; };
		74349A572A26413F00AB0EF5 /* Assets.xcassets */ = {isa = PBXFileReference; lastKnownFileType = folder.assetcatalog; path = Assets.xcassets; sourceTree = "<group>"; };
		74349A5A2A26413F00AB0EF5 /* Preview Assets.xcassets */ = {isa = PBXFileReference; lastKnownFileType = folder.assetcatalog; path = "Preview Assets.xcassets"; sourceTree = "<group>"; };
		74349A602A26413F00AB0EF5 /* WhiteNoiseTests.xctest */ = {isa = PBXFileReference; explicitFileType = wrapper.cfbundle; includeInIndex = 0; path = WhiteNoiseTests.xctest; sourceTree = BUILT_PRODUCTS_DIR; };
		74349A642A26413F00AB0EF5 /* WhiteNoiseTests.swift */ = {isa = PBXFileReference; lastKnownFileType = sourcecode.swift; path = WhiteNoiseTests.swift; sourceTree = "<group>"; };
		74349A6A2A26413F00AB0EF5 /* WhiteNoiseUITests.xctest */ = {isa = PBXFileReference; explicitFileType = wrapper.cfbundle; includeInIndex = 0; path = WhiteNoiseUITests.xctest; sourceTree = BUILT_PRODUCTS_DIR; };
		74349A6E2A26413F00AB0EF5 /* WhiteNoiseUITests.swift */ = {isa = PBXFileReference; lastKnownFileType = sourcecode.swift; path = WhiteNoiseUITests.swift; sourceTree = "<group>"; };
		74349A702A26413F00AB0EF5 /* WhiteNoiseUITestsLaunchTests.swift */ = {isa = PBXFileReference; lastKnownFileType = sourcecode.swift; path = WhiteNoiseUITestsLaunchTests.swift; sourceTree = "<group>"; };
		74349A7D2A2646D000AB0EF5 /* WhiteNoisesView.swift */ = {isa = PBXFileReference; lastKnownFileType = sourcecode.swift; path = WhiteNoisesView.swift; sourceTree = "<group>"; };
		74349A7F2A2646EE00AB0EF5 /* Sound.swift */ = {isa = PBXFileReference; lastKnownFileType = sourcecode.swift; path = Sound.swift; sourceTree = "<group>"; };
		74349A812A26470900AB0EF5 /* WhiteNoisesViewModel.swift */ = {isa = PBXFileReference; lastKnownFileType = sourcecode.swift; path = WhiteNoisesViewModel.swift; sourceTree = "<group>"; };
		74349ACB2A2651AC00AB0EF5 /* Info.plist */ = {isa = PBXFileReference; lastKnownFileType = text.plist; path = Info.plist; sourceTree = "<group>"; };
		743A95902A28C1E500219803 /* Mediterranean sea, calm ocean waves splashing on rocks pebbles and sand.mp3 */ = {isa = PBXFileReference; lastKnownFileType = audio.mp3; path = "Mediterranean sea, calm ocean waves splashing on rocks pebbles and sand.mp3"; sourceTree = "<group>"; };
		743A95962A28C29700219803 /* Waterfall, medium close, people chatting, Bridal Falls, Canada.mp3 */ = {isa = PBXFileReference; lastKnownFileType = audio.mp3; path = "Waterfall, medium close, people chatting, Bridal Falls, Canada.mp3"; sourceTree = "<group>"; };
		743A95982A28C2DC00219803 /* River or stream, water flowing, running.mp3 */ = {isa = PBXFileReference; lastKnownFileType = audio.mp3; path = "River or stream, water flowing, running.mp3"; sourceTree = "<group>"; };
		743A959A2A28C31C00219803 /* River, French Alps, Binaural, Close perspective, Water, Flow, Mountain, Forest.mp3 */ = {isa = PBXFileReference; lastKnownFileType = audio.mp3; path = "River, French Alps, Binaural, Close perspective, Water, Flow, Mountain, Forest.mp3"; sourceTree = "<group>"; };
		743A959C2A28C37700219803 /* Summer forest insects and birds.mp3 */ = {isa = PBXFileReference; lastKnownFileType = audio.mp3; path = "Summer forest insects and birds.mp3"; sourceTree = "<group>"; };
		743A959E2A28C39300219803 /* Woodland ambience & several birds.mp3 */ = {isa = PBXFileReference; lastKnownFileType = audio.mp3; path = "Woodland ambience & several birds.mp3"; sourceTree = "<group>"; };
		743A95A02A28CBFD00219803 /* SoundFactory.swift */ = {isa = PBXFileReference; lastKnownFileType = sourcecode.swift; path = SoundFactory.swift; sourceTree = "<group>"; };
		74846D3C2A278474006627BB /* SoundView.swift */ = {isa = PBXFileReference; lastKnownFileType = sourcecode.swift; path = SoundView.swift; sourceTree = "<group>"; };
		74846D3E2A2787FB006627BB /* SoundViewModel.swift */ = {isa = PBXFileReference; lastKnownFileType = sourcecode.swift; path = SoundViewModel.swift; sourceTree = "<group>"; };
		74CD166E2A45DCB7004FE649 /* WhiteNoise.entitlements */ = {isa = PBXFileReference; lastKnownFileType = text.plist.entitlements; path = WhiteNoise.entitlements; sourceTree = "<group>"; };
		74CD16772A45EC27004FE649 /* WidgetKit.framework */ = {isa = PBXFileReference; lastKnownFileType = wrapper.framework; name = WidgetKit.framework; path = Library/Frameworks/WidgetKit.framework; sourceTree = DEVELOPER_DIR; };
		74CD16792A45EC27004FE649 /* SwiftUI.framework */ = {isa = PBXFileReference; lastKnownFileType = wrapper.framework; name = SwiftUI.framework; path = System/Library/Frameworks/SwiftUI.framework; sourceTree = SDKROOT; };
/* End PBXFileReference section */

/* Begin PBXFrameworksBuildPhase section */
		74349A4D2A26413C00AB0EF5 /* Frameworks */ = {
			isa = PBXFrameworksBuildPhase;
			buildActionMask = 2147483647;
			files = (
			);
			runOnlyForDeploymentPostprocessing = 0;
		};
		74349A5D2A26413F00AB0EF5 /* Frameworks */ = {
			isa = PBXFrameworksBuildPhase;
			buildActionMask = 2147483647;
			files = (
			);
			runOnlyForDeploymentPostprocessing = 0;
		};
		74349A672A26413F00AB0EF5 /* Frameworks */ = {
			isa = PBXFrameworksBuildPhase;
			buildActionMask = 2147483647;
			files = (
			);
			runOnlyForDeploymentPostprocessing = 0;
		};
/* End PBXFrameworksBuildPhase section */

/* Begin PBXGroup section */
		74349A472A26413C00AB0EF5 = {
			isa = PBXGroup;
			children = (
				74349A522A26413C00AB0EF5 /* WhiteNoise */,
				74349A632A26413F00AB0EF5 /* WhiteNoiseTests */,
				74349A6D2A26413F00AB0EF5 /* WhiteNoiseUITests */,
				74CD16762A45EC27004FE649 /* Frameworks */,
				74349A512A26413C00AB0EF5 /* Products */,
			);
			sourceTree = "<group>";
		};
		74349A512A26413C00AB0EF5 /* Products */ = {
			isa = PBXGroup;
			children = (
				74349A502A26413C00AB0EF5 /* WhiteSoundRuslan1234.app */,
				74349A602A26413F00AB0EF5 /* WhiteNoiseTests.xctest */,
				74349A6A2A26413F00AB0EF5 /* WhiteNoiseUITests.xctest */,
			);
			name = Products;
			sourceTree = "<group>";
		};
		74349A522A26413C00AB0EF5 /* WhiteNoise */ = {
			isa = PBXGroup;
			children = (
				74CD166E2A45DCB7004FE649 /* WhiteNoise.entitlements */,
				74349ACB2A2651AC00AB0EF5 /* Info.plist */,
				74349A532A26413C00AB0EF5 /* WhiteNoiseApp.swift */,
				74349A552A26413C00AB0EF5 /* ContentView.swift */,
				74349A7F2A2646EE00AB0EF5 /* Sound.swift */,
				743A95A02A28CBFD00219803 /* SoundFactory.swift */,
				74846D3C2A278474006627BB /* SoundView.swift */,
				74846D3E2A2787FB006627BB /* SoundViewModel.swift */,
				74349A7D2A2646D000AB0EF5 /* WhiteNoisesView.swift */,
				74349A812A26470900AB0EF5 /* WhiteNoisesViewModel.swift */,
				74349A832A26494300AB0EF5 /* Sounds */,
				74349A572A26413F00AB0EF5 /* Assets.xcassets */,
				74349A592A26413F00AB0EF5 /* Preview Content */,
			);
			path = WhiteNoise;
			sourceTree = "<group>";
		};
		74349A592A26413F00AB0EF5 /* Preview Content */ = {
			isa = PBXGroup;
			children = (
				74349A5A2A26413F00AB0EF5 /* Preview Assets.xcassets */,
			);
			path = "Preview Content";
			sourceTree = "<group>";
		};
		74349A632A26413F00AB0EF5 /* WhiteNoiseTests */ = {
			isa = PBXGroup;
			children = (
				74349A642A26413F00AB0EF5 /* WhiteNoiseTests.swift */,
			);
			path = WhiteNoiseTests;
			sourceTree = "<group>";
		};
		74349A6D2A26413F00AB0EF5 /* WhiteNoiseUITests */ = {
			isa = PBXGroup;
			children = (
				74349A6E2A26413F00AB0EF5 /* WhiteNoiseUITests.swift */,
				74349A702A26413F00AB0EF5 /* WhiteNoiseUITestsLaunchTests.swift */,
			);
			path = WhiteNoiseUITests;
			sourceTree = "<group>";
		};
		74349A832A26494300AB0EF5 /* Sounds */ = {
			isa = PBXGroup;
			children = (
				748E81AB2A49DC4500CBC255 /* rain */,
				748E81AC2A49DEB700CBC255 /* fire */,
				748E81AD2A49DEC100CBC255 /* thunder */,
				748E81AE2A49DED300CBC255 /* sea */,
				748E81AF2A49DEEE00CBC255 /* waterfall */,
				748E81B02A49DEF800CBC255 /* river */,
				748E81B12A49DF0200CBC255 /* forest */,
			);
			path = Sounds;
			sourceTree = "<group>";
		};
		748E81AB2A49DC4500CBC255 /* rain */ = {
			isa = PBXGroup;
			children = (
				7400CDFC2A3CA57F0003292C /* soft rain.mp3 */,
				7400CDFE2A3CA57F0003292C /* spring rain.mp3 */,
				7400CDF42A3CA0700003292C /* rain medium.mp3 */,
				7400CDF32A3CA0700003292C /* rain medium heavy falling trees forest.mp3 */,
			);
			path = rain;
			sourceTree = "<group>";
		};
		748E81AC2A49DEB700CBC255 /* fire */ = {
			isa = PBXGroup;
			children = (
				7400CDFD2A3CA57F0003292C /* fire crackle spit flames fireplace.mp3 */,
				7400CE012A3CA57F0003292C /* fire burning crackle fireplace.mp3 */,
				7400CDFF2A3CA57F0003292C /* fire in fireplace spit rumble crackle.mp3 */,
			);
			path = fire;
			sourceTree = "<group>";
		};
		748E81AD2A49DEC100CBC255 /* thunder */ = {
			isa = PBXGroup;
			children = (
				7400CE002A3CA57F0003292C /* thunder ssolated distant low rumble.mp3 */,
			);
			path = thunder;
			sourceTree = "<group>";
		};
		748E81AE2A49DED300CBC255 /* sea */ = {
			isa = PBXGroup;
			children = (
				743A95902A28C1E500219803 /* Mediterranean sea, calm ocean waves splashing on rocks pebbles and sand.mp3 */,
			);
			path = sea;
			sourceTree = "<group>";
		};
		748E81AF2A49DEEE00CBC255 /* waterfall */ = {
			isa = PBXGroup;
			children = (
				743A95962A28C29700219803 /* Waterfall, medium close, people chatting, Bridal Falls, Canada.mp3 */,
			);
			path = waterfall;
			sourceTree = "<group>";
		};
		748E81B02A49DEF800CBC255 /* river */ = {
			isa = PBXGroup;
			children = (
				743A95982A28C2DC00219803 /* River or stream, water flowing, running.mp3 */,
				743A959A2A28C31C00219803 /* River, French Alps, Binaural, Close perspective, Water, Flow, Mountain, Forest.mp3 */,
			);
			path = river;
			sourceTree = "<group>";
		};
		748E81B12A49DF0200CBC255 /* forest */ = {
			isa = PBXGroup;
			children = (
				743A959C2A28C37700219803 /* Summer forest insects and birds.mp3 */,
				743A959E2A28C39300219803 /* Woodland ambience & several birds.mp3 */,
			);
			path = forest;
			sourceTree = "<group>";
		};
		74CD16762A45EC27004FE649 /* Frameworks */ = {
			isa = PBXGroup;
			children = (
				74CD16772A45EC27004FE649 /* WidgetKit.framework */,
				74CD16792A45EC27004FE649 /* SwiftUI.framework */,
			);
			name = Frameworks;
			sourceTree = "<group>";
		};
/* End PBXGroup section */

/* Begin PBXNativeTarget section */
		74349A4F2A26413C00AB0EF5 /* WhiteNoise */ = {
			isa = PBXNativeTarget;
			buildConfigurationList = 74349A742A26413F00AB0EF5 /* Build configuration list for PBXNativeTarget "WhiteNoise" */;
			buildPhases = (
				74349A4C2A26413C00AB0EF5 /* Sources */,
				74349A4D2A26413C00AB0EF5 /* Frameworks */,
				74349A4E2A26413C00AB0EF5 /* Resources */,
				74CD168C2A45EC29004FE649 /* Embed Foundation Extensions */,
			);
			buildRules = (
			);
			dependencies = (
			);
			name = WhiteNoise;
			productName = WhiteNoise;
			productReference = 74349A502A26413C00AB0EF5 /* WhiteSoundRuslan1234.app */;
			productType = "com.apple.product-type.application";
		};
		74349A5F2A26413F00AB0EF5 /* WhiteNoiseTests */ = {
			isa = PBXNativeTarget;
			buildConfigurationList = 74349A772A26413F00AB0EF5 /* Build configuration list for PBXNativeTarget "WhiteNoiseTests" */;
			buildPhases = (
				74349A5C2A26413F00AB0EF5 /* Sources */,
				74349A5D2A26413F00AB0EF5 /* Frameworks */,
				74349A5E2A26413F00AB0EF5 /* Resources */,
			);
			buildRules = (
			);
			dependencies = (
				74349A622A26413F00AB0EF5 /* PBXTargetDependency */,
			);
			name = WhiteNoiseTests;
			productName = WhiteNoiseTests;
			productReference = 74349A602A26413F00AB0EF5 /* WhiteNoiseTests.xctest */;
			productType = "com.apple.product-type.bundle.unit-test";
		};
		74349A692A26413F00AB0EF5 /* WhiteNoiseUITests */ = {
			isa = PBXNativeTarget;
			buildConfigurationList = 74349A7A2A26413F00AB0EF5 /* Build configuration list for PBXNativeTarget "WhiteNoiseUITests" */;
			buildPhases = (
				74349A662A26413F00AB0EF5 /* Sources */,
				74349A672A26413F00AB0EF5 /* Frameworks */,
				74349A682A26413F00AB0EF5 /* Resources */,
			);
			buildRules = (
			);
			dependencies = (
				74349A6C2A26413F00AB0EF5 /* PBXTargetDependency */,
			);
			name = WhiteNoiseUITests;
			productName = WhiteNoiseUITests;
			productReference = 74349A6A2A26413F00AB0EF5 /* WhiteNoiseUITests.xctest */;
			productType = "com.apple.product-type.bundle.ui-testing";
		};
/* End PBXNativeTarget section */

/* Begin PBXProject section */
		74349A482A26413C00AB0EF5 /* Project object */ = {
			isa = PBXProject;
			attributes = {
				BuildIndependentTargetsInParallel = 1;
				LastSwiftUpdateCheck = 1500;
				LastUpgradeCheck = 1430;
				TargetAttributes = {
					74349A4F2A26413C00AB0EF5 = {
						CreatedOnToolsVersion = 14.3;
					};
					74349A5F2A26413F00AB0EF5 = {
						CreatedOnToolsVersion = 14.3;
						TestTargetID = 74349A4F2A26413C00AB0EF5;
					};
					74349A692A26413F00AB0EF5 = {
						CreatedOnToolsVersion = 14.3;
						TestTargetID = 74349A4F2A26413C00AB0EF5;
					};
				};
			};
			buildConfigurationList = 74349A4B2A26413C00AB0EF5 /* Build configuration list for PBXProject "WhiteNoise" */;
			compatibilityVersion = "Xcode 14.0";
			developmentRegion = en;
			hasScannedForEncodings = 0;
			knownRegions = (
				en,
				Base,
			);
			mainGroup = 74349A472A26413C00AB0EF5;
			productRefGroup = 74349A512A26413C00AB0EF5 /* Products */;
			projectDirPath = "";
			projectRoot = "";
			targets = (
				74349A4F2A26413C00AB0EF5 /* WhiteNoise */,
				74349A5F2A26413F00AB0EF5 /* WhiteNoiseTests */,
				74349A692A26413F00AB0EF5 /* WhiteNoiseUITests */,
			);
		};
/* End PBXProject section */

/* Begin PBXResourcesBuildPhase section */
		74349A4E2A26413C00AB0EF5 /* Resources */ = {
			isa = PBXResourcesBuildPhase;
			buildActionMask = 2147483647;
			files = (
				743A959B2A28C31C00219803 /* River, French Alps, Binaural, Close perspective, Water, Flow, Mountain, Forest.mp3 in Resources */,
				7400CE022A3CA57F0003292C /* soft rain.mp3 in Resources */,
				743A95992A28C2DC00219803 /* River or stream, water flowing, running.mp3 in Resources */,
				74349A5B2A26413F00AB0EF5 /* Preview Assets.xcassets in Resources */,
				7400CE052A3CA57F0003292C /* fire in fireplace spit rumble crackle.mp3 in Resources */,
				743A95912A28C1E500219803 /* Mediterranean sea, calm ocean waves splashing on rocks pebbles and sand.mp3 in Resources */,
				7400CE032A3CA57F0003292C /* fire crackle spit flames fireplace.mp3 in Resources */,
				7400CDF92A3CA0710003292C /* rain medium.mp3 in Resources */,
				7400CE072A3CA57F0003292C /* fire burning crackle fireplace.mp3 in Resources */,
				74349A582A26413F00AB0EF5 /* Assets.xcassets in Resources */,
				7400CE042A3CA57F0003292C /* spring rain.mp3 in Resources */,
				743A959F2A28C39300219803 /* Woodland ambience & several birds.mp3 in Resources */,
				743A959D2A28C37700219803 /* Summer forest insects and birds.mp3 in Resources */,
				743A95972A28C29700219803 /* Waterfall, medium close, people chatting, Bridal Falls, Canada.mp3 in Resources */,
				7400CDF82A3CA0710003292C /* rain medium heavy falling trees forest.mp3 in Resources */,
				7400CE062A3CA57F0003292C /* thunder ssolated distant low rumble.mp3 in Resources */,
			);
			runOnlyForDeploymentPostprocessing = 0;
		};
		74349A5E2A26413F00AB0EF5 /* Resources */ = {
			isa = PBXResourcesBuildPhase;
			buildActionMask = 2147483647;
			files = (
			);
			runOnlyForDeploymentPostprocessing = 0;
		};
		74349A682A26413F00AB0EF5 /* Resources */ = {
			isa = PBXResourcesBuildPhase;
			buildActionMask = 2147483647;
			files = (
			);
			runOnlyForDeploymentPostprocessing = 0;
		};
/* End PBXResourcesBuildPhase section */

/* Begin PBXSourcesBuildPhase section */
		74349A4C2A26413C00AB0EF5 /* Sources */ = {
			isa = PBXSourcesBuildPhase;
			buildActionMask = 2147483647;
			files = (
				74349A562A26413C00AB0EF5 /* ContentView.swift in Sources */,
				74349A542A26413C00AB0EF5 /* WhiteNoiseApp.swift in Sources */,
				74846D3D2A278474006627BB /* SoundView.swift in Sources */,
				74846D3F2A2787FB006627BB /* SoundViewModel.swift in Sources */,
				74349A822A26470900AB0EF5 /* WhiteNoisesViewModel.swift in Sources */,
				743A95A12A28CBFD00219803 /* SoundFactory.swift in Sources */,
				74349A7E2A2646D000AB0EF5 /* WhiteNoisesView.swift in Sources */,
				74349A802A2646EE00AB0EF5 /* Sound.swift in Sources */,
			);
			runOnlyForDeploymentPostprocessing = 0;
		};
		74349A5C2A26413F00AB0EF5 /* Sources */ = {
			isa = PBXSourcesBuildPhase;
			buildActionMask = 2147483647;
			files = (
				74C1A07F2A336C5C00BB9E53 /* WhiteNoiseTests.swift in Sources */,
			);
			runOnlyForDeploymentPostprocessing = 0;
		};
		74349A662A26413F00AB0EF5 /* Sources */ = {
			isa = PBXSourcesBuildPhase;
			buildActionMask = 2147483647;
			files = (
				74349A6F2A26413F00AB0EF5 /* WhiteNoiseUITests.swift in Sources */,
				74349A712A26413F00AB0EF5 /* WhiteNoiseUITestsLaunchTests.swift in Sources */,
			);
			runOnlyForDeploymentPostprocessing = 0;
		};
/* End PBXSourcesBuildPhase section */

/* Begin PBXTargetDependency section */
		74349A622A26413F00AB0EF5 /* PBXTargetDependency */ = {
			isa = PBXTargetDependency;
			platformFilter = ios;
			target = 74349A4F2A26413C00AB0EF5 /* WhiteNoise */;
			targetProxy = 74349A612A26413F00AB0EF5 /* PBXContainerItemProxy */;
		};
		74349A6C2A26413F00AB0EF5 /* PBXTargetDependency */ = {
			isa = PBXTargetDependency;
			platformFilter = ios;
			target = 74349A4F2A26413C00AB0EF5 /* WhiteNoise */;
			targetProxy = 74349A6B2A26413F00AB0EF5 /* PBXContainerItemProxy */;
		};
/* End PBXTargetDependency section */

/* Begin XCBuildConfiguration section */
		74349A722A26413F00AB0EF5 /* Debug */ = {
			isa = XCBuildConfiguration;
			buildSettings = {
				ALWAYS_SEARCH_USER_PATHS = NO;
				CLANG_ANALYZER_NONNULL = YES;
				CLANG_ANALYZER_NUMBER_OBJECT_CONVERSION = YES_AGGRESSIVE;
				CLANG_CXX_LANGUAGE_STANDARD = "gnu++20";
				CLANG_ENABLE_MODULES = YES;
				CLANG_ENABLE_OBJC_ARC = YES;
				CLANG_ENABLE_OBJC_WEAK = YES;
				CLANG_WARN_BLOCK_CAPTURE_AUTORELEASING = YES;
				CLANG_WARN_BOOL_CONVERSION = YES;
				CLANG_WARN_COMMA = YES;
				CLANG_WARN_CONSTANT_CONVERSION = YES;
				CLANG_WARN_DEPRECATED_OBJC_IMPLEMENTATIONS = YES;
				CLANG_WARN_DIRECT_OBJC_ISA_USAGE = YES_ERROR;
				CLANG_WARN_DOCUMENTATION_COMMENTS = YES;
				CLANG_WARN_EMPTY_BODY = YES;
				CLANG_WARN_ENUM_CONVERSION = YES;
				CLANG_WARN_INFINITE_RECURSION = YES;
				CLANG_WARN_INT_CONVERSION = YES;
				CLANG_WARN_NON_LITERAL_NULL_CONVERSION = YES;
				CLANG_WARN_OBJC_IMPLICIT_RETAIN_SELF = YES;
				CLANG_WARN_OBJC_LITERAL_CONVERSION = YES;
				CLANG_WARN_OBJC_ROOT_CLASS = YES_ERROR;
				CLANG_WARN_QUOTED_INCLUDE_IN_FRAMEWORK_HEADER = YES;
				CLANG_WARN_RANGE_LOOP_ANALYSIS = YES;
				CLANG_WARN_STRICT_PROTOTYPES = YES;
				CLANG_WARN_SUSPICIOUS_MOVE = YES;
				CLANG_WARN_UNGUARDED_AVAILABILITY = YES_AGGRESSIVE;
				CLANG_WARN_UNREACHABLE_CODE = YES;
				CLANG_WARN__DUPLICATE_METHOD_MATCH = YES;
				COPY_PHASE_STRIP = NO;
				DEBUG_INFORMATION_FORMAT = dwarf;
				ENABLE_STRICT_OBJC_MSGSEND = YES;
				ENABLE_TESTABILITY = YES;
				GCC_C_LANGUAGE_STANDARD = gnu11;
				GCC_DYNAMIC_NO_PIC = NO;
				GCC_NO_COMMON_BLOCKS = YES;
				GCC_OPTIMIZATION_LEVEL = 0;
				GCC_PREPROCESSOR_DEFINITIONS = (
					"DEBUG=1",
					"$(inherited)",
				);
				GCC_WARN_64_TO_32_BIT_CONVERSION = YES;
				GCC_WARN_ABOUT_RETURN_TYPE = YES_ERROR;
				GCC_WARN_UNDECLARED_SELECTOR = YES;
				GCC_WARN_UNINITIALIZED_AUTOS = YES_AGGRESSIVE;
				GCC_WARN_UNUSED_FUNCTION = YES;
				GCC_WARN_UNUSED_VARIABLE = YES;
				IPHONEOS_DEPLOYMENT_TARGET = 16.0;
				MACOSX_DEPLOYMENT_TARGET = 14.0;
				MTL_ENABLE_DEBUG_INFO = INCLUDE_SOURCE;
				MTL_FAST_MATH = YES;
				ONLY_ACTIVE_ARCH = YES;
				SDKROOT = appletvos;
				SWIFT_ACTIVE_COMPILATION_CONDITIONS = DEBUG;
				SWIFT_OPTIMIZATION_LEVEL = "-Onone";
				TVOS_DEPLOYMENT_TARGET = 16.4;
			};
			name = Debug;
		};
		74349A732A26413F00AB0EF5 /* Release */ = {
			isa = XCBuildConfiguration;
			buildSettings = {
				ALWAYS_SEARCH_USER_PATHS = NO;
				CLANG_ANALYZER_NONNULL = YES;
				CLANG_ANALYZER_NUMBER_OBJECT_CONVERSION = YES_AGGRESSIVE;
				CLANG_CXX_LANGUAGE_STANDARD = "gnu++20";
				CLANG_ENABLE_MODULES = YES;
				CLANG_ENABLE_OBJC_ARC = YES;
				CLANG_ENABLE_OBJC_WEAK = YES;
				CLANG_WARN_BLOCK_CAPTURE_AUTORELEASING = YES;
				CLANG_WARN_BOOL_CONVERSION = YES;
				CLANG_WARN_COMMA = YES;
				CLANG_WARN_CONSTANT_CONVERSION = YES;
				CLANG_WARN_DEPRECATED_OBJC_IMPLEMENTATIONS = YES;
				CLANG_WARN_DIRECT_OBJC_ISA_USAGE = YES_ERROR;
				CLANG_WARN_DOCUMENTATION_COMMENTS = YES;
				CLANG_WARN_EMPTY_BODY = YES;
				CLANG_WARN_ENUM_CONVERSION = YES;
				CLANG_WARN_INFINITE_RECURSION = YES;
				CLANG_WARN_INT_CONVERSION = YES;
				CLANG_WARN_NON_LITERAL_NULL_CONVERSION = YES;
				CLANG_WARN_OBJC_IMPLICIT_RETAIN_SELF = YES;
				CLANG_WARN_OBJC_LITERAL_CONVERSION = YES;
				CLANG_WARN_OBJC_ROOT_CLASS = YES_ERROR;
				CLANG_WARN_QUOTED_INCLUDE_IN_FRAMEWORK_HEADER = YES;
				CLANG_WARN_RANGE_LOOP_ANALYSIS = YES;
				CLANG_WARN_STRICT_PROTOTYPES = YES;
				CLANG_WARN_SUSPICIOUS_MOVE = YES;
				CLANG_WARN_UNGUARDED_AVAILABILITY = YES_AGGRESSIVE;
				CLANG_WARN_UNREACHABLE_CODE = YES;
				CLANG_WARN__DUPLICATE_METHOD_MATCH = YES;
				COPY_PHASE_STRIP = NO;
				DEBUG_INFORMATION_FORMAT = "dwarf-with-dsym";
				ENABLE_NS_ASSERTIONS = NO;
				ENABLE_STRICT_OBJC_MSGSEND = YES;
				GCC_C_LANGUAGE_STANDARD = gnu11;
				GCC_NO_COMMON_BLOCKS = YES;
				GCC_WARN_64_TO_32_BIT_CONVERSION = YES;
				GCC_WARN_ABOUT_RETURN_TYPE = YES_ERROR;
				GCC_WARN_UNDECLARED_SELECTOR = YES;
				GCC_WARN_UNINITIALIZED_AUTOS = YES_AGGRESSIVE;
				GCC_WARN_UNUSED_FUNCTION = YES;
				GCC_WARN_UNUSED_VARIABLE = YES;
				IPHONEOS_DEPLOYMENT_TARGET = 16.0;
				MACOSX_DEPLOYMENT_TARGET = 14.0;
				MTL_ENABLE_DEBUG_INFO = NO;
				MTL_FAST_MATH = YES;
				SDKROOT = appletvos;
				SWIFT_COMPILATION_MODE = wholemodule;
				SWIFT_OPTIMIZATION_LEVEL = "-O";
				TVOS_DEPLOYMENT_TARGET = 16.4;
				VALIDATE_PRODUCT = YES;
			};
			name = Release;
		};
		74349A752A26413F00AB0EF5 /* Debug */ = {
			isa = XCBuildConfiguration;
			buildSettings = {
				ASSETCATALOG_COMPILER_APPICON_NAME = AppIcon;
				ASSETCATALOG_COMPILER_GLOBAL_ACCENT_COLOR_NAME = AccentColor;
				ASSETCATALOG_COMPILER_INCLUDE_ALL_APPICON_ASSETS = YES;
				CODE_SIGN_ENTITLEMENTS = WhiteNoise/WhiteNoise.entitlements;
				CODE_SIGN_STYLE = Automatic;
				CURRENT_PROJECT_VERSION = 4;
				DEVELOPMENT_ASSET_PATHS = "\"WhiteNoise/Preview Content\"";
				DEVELOPMENT_TEAM = FWHF624C4H;
				ENABLE_PREVIEWS = YES;
				GENERATE_INFOPLIST_FILE = YES;
				INFOPLIST_FILE = WhiteNoise/Info.plist;
				INFOPLIST_KEY_CFBundleDisplayName = "White Sound";
				INFOPLIST_KEY_LSApplicationCategoryType = "public.app-category.healthcare-fitness";
				INFOPLIST_KEY_UILaunchScreen_Generation = YES;
				INFOPLIST_KEY_UIUserInterfaceStyle = Automatic;
				IPHONEOS_DEPLOYMENT_TARGET = 16.0;
				LD_RUNPATH_SEARCH_PATHS = (
					"$(inherited)",
					"@executable_path/Frameworks",
				);
				MACOSX_DEPLOYMENT_TARGET = 14.0;
				MARKETING_VERSION = 0.1;
				PRODUCT_BUNDLE_IDENTIFIER = ruslan.whiteNoise.WhiteNoise;
				PRODUCT_NAME = WhiteSoundRuslan1234;
				SUPPORTED_PLATFORMS = "iphoneos iphonesimulator macosx";
				SUPPORTS_MACCATALYST = NO;
				SUPPORTS_MAC_DESIGNED_FOR_IPHONE_IPAD = NO;
				SWIFT_EMIT_LOC_STRINGS = YES;
				SWIFT_VERSION = 5.0;
				TARGETED_DEVICE_FAMILY = "1,2";
				TVOS_DEPLOYMENT_TARGET = 16.0;
			};
			name = Debug;
		};
		74349A762A26413F00AB0EF5 /* Release */ = {
			isa = XCBuildConfiguration;
			buildSettings = {
				ASSETCATALOG_COMPILER_APPICON_NAME = AppIcon;
				ASSETCATALOG_COMPILER_GLOBAL_ACCENT_COLOR_NAME = AccentColor;
				ASSETCATALOG_COMPILER_INCLUDE_ALL_APPICON_ASSETS = YES;
				CODE_SIGN_ENTITLEMENTS = WhiteNoise/WhiteNoise.entitlements;
				CODE_SIGN_STYLE = Automatic;
				CURRENT_PROJECT_VERSION = 4;
				DEVELOPMENT_ASSET_PATHS = "\"WhiteNoise/Preview Content\"";
				DEVELOPMENT_TEAM = FWHF624C4H;
				ENABLE_PREVIEWS = YES;
				GENERATE_INFOPLIST_FILE = YES;
				INFOPLIST_FILE = WhiteNoise/Info.plist;
				INFOPLIST_KEY_CFBundleDisplayName = "White Sound";
				INFOPLIST_KEY_LSApplicationCategoryType = "public.app-category.healthcare-fitness";
				INFOPLIST_KEY_UILaunchScreen_Generation = YES;
				INFOPLIST_KEY_UIUserInterfaceStyle = Automatic;
				IPHONEOS_DEPLOYMENT_TARGET = 16.0;
				LD_RUNPATH_SEARCH_PATHS = (
					"$(inherited)",
					"@executable_path/Frameworks",
				);
				MACOSX_DEPLOYMENT_TARGET = 14.0;
				MARKETING_VERSION = 0.1;
				PRODUCT_BUNDLE_IDENTIFIER = ruslan.whiteNoise.WhiteNoise;
				PRODUCT_NAME = WhiteSoundRuslan1234;
				SUPPORTED_PLATFORMS = "iphoneos iphonesimulator macosx";
				SUPPORTS_MACCATALYST = NO;
				SUPPORTS_MAC_DESIGNED_FOR_IPHONE_IPAD = NO;
				SWIFT_EMIT_LOC_STRINGS = YES;
				SWIFT_VERSION = 5.0;
				TARGETED_DEVICE_FAMILY = "1,2";
				TVOS_DEPLOYMENT_TARGET = 16.0;
			};
			name = Release;
		};
		74349A782A26413F00AB0EF5 /* Debug */ = {
			isa = XCBuildConfiguration;
			buildSettings = {
				ALWAYS_EMBED_SWIFT_STANDARD_LIBRARIES = YES;
				BUNDLE_LOADER = "$(TEST_HOST)";
				CODE_SIGN_STYLE = Automatic;
				CURRENT_PROJECT_VERSION = 1;
				DEVELOPMENT_TEAM = FWHF624C4H;
				GENERATE_INFOPLIST_FILE = YES;
				IPHONEOS_DEPLOYMENT_TARGET = 16.0;
				MARKETING_VERSION = 1.0;
				PRODUCT_BUNDLE_IDENTIFIER = ruslan.whiteNoise.WhiteNoiseTests;
				PRODUCT_NAME = "$(TARGET_NAME)";
				SUPPORTED_PLATFORMS = "appletvos appletvsimulator iphoneos iphonesimulator";
				SUPPORTS_MACCATALYST = NO;
				SUPPORTS_MAC_DESIGNED_FOR_IPHONE_IPAD = NO;
				SWIFT_EMIT_LOC_STRINGS = NO;
				SWIFT_VERSION = 5.0;
				TARGETED_DEVICE_FAMILY = "1,3";
				TEST_HOST = "$(BUILT_PRODUCTS_DIR)/WhiteSoundRuslan1234.app/$(BUNDLE_EXECUTABLE_FOLDER_PATH)/WhiteSoundRuslan1234";
				TVOS_DEPLOYMENT_TARGET = 16.4;
			};
			name = Debug;
		};
		74349A792A26413F00AB0EF5 /* Release */ = {
			isa = XCBuildConfiguration;
			buildSettings = {
				ALWAYS_EMBED_SWIFT_STANDARD_LIBRARIES = YES;
				BUNDLE_LOADER = "$(TEST_HOST)";
				CODE_SIGN_STYLE = Automatic;
				CURRENT_PROJECT_VERSION = 1;
				DEVELOPMENT_TEAM = FWHF624C4H;
				GENERATE_INFOPLIST_FILE = YES;
				IPHONEOS_DEPLOYMENT_TARGET = 16.0;
				MARKETING_VERSION = 1.0;
				PRODUCT_BUNDLE_IDENTIFIER = ruslan.whiteNoise.WhiteNoiseTests;
				PRODUCT_NAME = "$(TARGET_NAME)";
				SUPPORTED_PLATFORMS = "appletvos appletvsimulator iphoneos iphonesimulator";
				SUPPORTS_MACCATALYST = NO;
				SUPPORTS_MAC_DESIGNED_FOR_IPHONE_IPAD = NO;
				SWIFT_EMIT_LOC_STRINGS = NO;
				SWIFT_VERSION = 5.0;
				TARGETED_DEVICE_FAMILY = "1,3";
				TEST_HOST = "$(BUILT_PRODUCTS_DIR)/WhiteSoundRuslan1234.app/$(BUNDLE_EXECUTABLE_FOLDER_PATH)/WhiteSoundRuslan1234";
				TVOS_DEPLOYMENT_TARGET = 16.4;
			};
			name = Release;
		};
		74349A7B2A26413F00AB0EF5 /* Debug */ = {
			isa = XCBuildConfiguration;
			buildSettings = {
				ALWAYS_EMBED_SWIFT_STANDARD_LIBRARIES = YES;
				CODE_SIGN_STYLE = Automatic;
				CURRENT_PROJECT_VERSION = 1;
				DEVELOPMENT_TEAM = FWHF624C4H;
				GENERATE_INFOPLIST_FILE = YES;
				IPHONEOS_DEPLOYMENT_TARGET = 16.0;
				MARKETING_VERSION = 1.0;
				PRODUCT_BUNDLE_IDENTIFIER = ruslan.whiteNoise.WhiteNoiseUITests;
				PRODUCT_NAME = "$(TARGET_NAME)";
				SUPPORTED_PLATFORMS = "appletvos appletvsimulator iphoneos iphonesimulator";
				SUPPORTS_MACCATALYST = NO;
				SUPPORTS_MAC_DESIGNED_FOR_IPHONE_IPAD = NO;
				SWIFT_EMIT_LOC_STRINGS = NO;
				SWIFT_VERSION = 5.0;
				TARGETED_DEVICE_FAMILY = "1,3";
				TEST_TARGET_NAME = WhiteNoise;
			};
			name = Debug;
		};
		74349A7C2A26413F00AB0EF5 /* Release */ = {
			isa = XCBuildConfiguration;
			buildSettings = {
				ALWAYS_EMBED_SWIFT_STANDARD_LIBRARIES = YES;
				CODE_SIGN_STYLE = Automatic;
				CURRENT_PROJECT_VERSION = 1;
				DEVELOPMENT_TEAM = FWHF624C4H;
				GENERATE_INFOPLIST_FILE = YES;
				IPHONEOS_DEPLOYMENT_TARGET = 16.0;
				MARKETING_VERSION = 1.0;
				PRODUCT_BUNDLE_IDENTIFIER = ruslan.whiteNoise.WhiteNoiseUITests;
				PRODUCT_NAME = "$(TARGET_NAME)";
				SUPPORTED_PLATFORMS = "appletvos appletvsimulator iphoneos iphonesimulator";
				SUPPORTS_MACCATALYST = NO;
				SUPPORTS_MAC_DESIGNED_FOR_IPHONE_IPAD = NO;
				SWIFT_EMIT_LOC_STRINGS = NO;
				SWIFT_VERSION = 5.0;
				TARGETED_DEVICE_FAMILY = "1,3";
				TEST_TARGET_NAME = WhiteNoise;
			};
			name = Release;
		};
/* End XCBuildConfiguration section */

/* Begin XCConfigurationList section */
		74349A4B2A26413C00AB0EF5 /* Build configuration list for PBXProject "WhiteNoise" */ = {
			isa = XCConfigurationList;
			buildConfigurations = (
				74349A722A26413F00AB0EF5 /* Debug */,
				74349A732A26413F00AB0EF5 /* Release */,
			);
			defaultConfigurationIsVisible = 0;
			defaultConfigurationName = Release;
		};
		74349A742A26413F00AB0EF5 /* Build configuration list for PBXNativeTarget "WhiteNoise" */ = {
			isa = XCConfigurationList;
			buildConfigurations = (
				74349A752A26413F00AB0EF5 /* Debug */,
				74349A762A26413F00AB0EF5 /* Release */,
			);
			defaultConfigurationIsVisible = 0;
			defaultConfigurationName = Release;
		};
		74349A772A26413F00AB0EF5 /* Build configuration list for PBXNativeTarget "WhiteNoiseTests" */ = {
			isa = XCConfigurationList;
			buildConfigurations = (
				74349A782A26413F00AB0EF5 /* Debug */,
				74349A792A26413F00AB0EF5 /* Release */,
			);
			defaultConfigurationIsVisible = 0;
			defaultConfigurationName = Release;
		};
		74349A7A2A26413F00AB0EF5 /* Build configuration list for PBXNativeTarget "WhiteNoiseUITests" */ = {
			isa = XCConfigurationList;
			buildConfigurations = (
				74349A7B2A26413F00AB0EF5 /* Debug */,
				74349A7C2A26413F00AB0EF5 /* Release */,
			);
			defaultConfigurationIsVisible = 0;
			defaultConfigurationName = Release;
		};
/* End XCConfigurationList section */
	};
	rootObject = 74349A482A26413C00AB0EF5 /* Project object */;
}
