// !$*UTF8*$!
{
	archiveVersion = 1;
	classes = {
	};
	objectVersion = 56;
	objects = {

/* Begin PBXBuildFile section */
		3BD1267615B97628E7E51259 /* GlassDesignSystem.swift in Sources */ = {isa = PBXBuildFile; fileRef = BB66DDEBAEFE916E664211BF /* GlassDesignSystem.swift */; };
		74349A542A26413C00AB0EF5 /* WhiteNoiseApp.swift in Sources */ = {isa = PBXBuildFile; fileRef = 74349A532A26413C00AB0EF5 /* WhiteNoiseApp.swift */; };
		74349A582A26413F00AB0EF5 /* Assets.xcassets in Resources */ = {isa = PBXBuildFile; fileRef = 74349A572A26413F00AB0EF5 /* Assets.xcassets */; };
		74349A5B2A26413F00AB0EF5 /* Preview Assets.xcassets in Resources */ = {isa = PBXBuildFile; fileRef = 74349A5A2A26413F00AB0EF5 /* Preview Assets.xcassets */; };
		74ABCD172A5E8FBB00123456 /* LaunchScreen.storyboard in Resources */ = {isa = PBXBuildFile; fileRef = 74ABCD162A5E8FBB00123456 /* LaunchScreen.storyboard */; };
		78201BA8BCA54DF599C4FA5E /* Sentry in Frameworks */ = {isa = PBXBuildFile; productRef = A21DA2181FD246BB9FB23FEC /* Sentry */; };
		850656A52E835B680014A941 /* RevenueCat in Frameworks */ = {isa = PBXBuildFile; productRef = 850656A42E835B680014A941 /* RevenueCat */; };
		850656A72E835B680014A941 /* RevenueCatUI in Frameworks */ = {isa = PBXBuildFile; productRef = 850656A62E835B680014A941 /* RevenueCatUI */; };
		850AD41F2E8C192E0047D214 /* TelemetryService.swift in Sources */ = {isa = PBXBuildFile; fileRef = 850AD41E2E8C192E0047D214 /* TelemetryService.swift */; };
		850C1EAD2E7B256E00545D95 /* RevenueCatService.swift in Sources */ = {isa = PBXBuildFile; fileRef = 850C1EAC2E7B256E00545D95 /* RevenueCatService.swift */; };
		850C1EAF2E7B4F5500545D95 /* EntitlementsCoordinator.swift in Sources */ = {isa = PBXBuildFile; fileRef = 850C1EAE2E7B4F5500545D95 /* EntitlementsCoordinator.swift */; };
		850C1EB62E7B55C200545D95 /* PaywallSheetView.swift in Sources */ = {isa = PBXBuildFile; fileRef = 850C1EB62E7B5EFA00545D95 /* PaywallSheetView.swift */; };
		851396742E79876500552A9D /* 737409__tracyradio__brown-noise.m4a in Resources */ = {isa = PBXBuildFile; fileRef = 851396732E79876500552A9D /* 737409__tracyradio__brown-noise.m4a */; };
		851396752E79876500552A9D /* 242513__hinoirocks__brownnoise.m4a in Resources */ = {isa = PBXBuildFile; fileRef = 851396712E79876500552A9D /* 242513__hinoirocks__brownnoise.m4a */; };
		851396762E79876500552A9D /* 365932__oldslowvideogamer__brown-noise-medium-oldslowvideogamer.m4a in Resources */ = {isa = PBXBuildFile; fileRef = 851396722E79876500552A9D /* 365932__oldslowvideogamer__brown-noise-medium-oldslowvideogamer.m4a */; };
		8513967D2E798E5D00552A9D /* 157881__stomachache__endlessocean-venicebeach-loop.m4a in Resources */ = {isa = PBXBuildFile; fileRef = 851396792E798E5D00552A9D /* 157881__stomachache__endlessocean-venicebeach-loop.m4a */; };
		8513967E2E798E5D00552A9D /* 450755__florianreichelt__waves-of-hawaii.m4a in Resources */ = {isa = PBXBuildFile; fileRef = 8513967A2E798E5D00552A9D /* 450755__florianreichelt__waves-of-hawaii.m4a */; };
		8513967F2E798E5D00552A9D /* 531015__noted451__ocean-waves.m4a in Resources */ = {isa = PBXBuildFile; fileRef = 8513967B2E798E5D00552A9D /* 531015__noted451__ocean-waves.m4a */; };
		851396802E798E5D00552A9D /* 578524__samsterbirdies__calm-ocean-waves.m4a in Resources */ = {isa = PBXBuildFile; fileRef = 8513967C2E798E5D00552A9D /* 578524__samsterbirdies__calm-ocean-waves.m4a */; };
		851396812E798E5D00552A9D /* 156354__rmutt__oceanwaves-9.m4a in Resources */ = {isa = PBXBuildFile; fileRef = 851396782E798E5D00552A9D /* 156354__rmutt__oceanwaves-9.m4a */; };
		851396872E79965100552A9D /* 238295__regosss__thunderstorm.m4a in Resources */ = {isa = PBXBuildFile; fileRef = 851396832E79965100552A9D /* 238295__regosss__thunderstorm.m4a */; };
		851396882E79965100552A9D /* 529535__straget__thunder-2.m4a in Resources */ = {isa = PBXBuildFile; fileRef = 851396852E79965100552A9D /* 529535__straget__thunder-2.m4a */; };
		8513968A2E79965100552A9D /* 625354__johnnydekk__lightning.m4a in Resources */ = {isa = PBXBuildFile; fileRef = 851396862E79965100552A9D /* 625354__johnnydekk__lightning.m4a */; };
		8513968D2E799F1400552A9D /* 17374__homejrande__fire-wood-bonfire-high-eq.m4a in Resources */ = {isa = PBXBuildFile; fileRef = 8513968B2E799F1400552A9D /* 17374__homejrande__fire-wood-bonfire-high-eq.m4a */; };
		8513968E2E799F1400552A9D /* 170247__matucha__campfire_01.m4a in Resources */ = {isa = PBXBuildFile; fileRef = 8513968C2E799F1400552A9D /* 170247__matucha__campfire_01.m4a */; };
		851396942E79A2F300552A9D /* 318064__ceich93__water_lapping_river.m4a in Resources */ = {isa = PBXBuildFile; fileRef = 851396902E79A2F300552A9D /* 318064__ceich93__water_lapping_river.m4a */; };
		851396952E79A2F300552A9D /* 637789__kyles__river-or-stream-close-soft-babbly-current2.m4a in Resources */ = {isa = PBXBuildFile; fileRef = 851396922E79A2F300552A9D /* 637789__kyles__river-or-stream-close-soft-babbly-current2.m4a */; };
		851396962E79A2F300552A9D /* 779942__felixblume__slight-river-stream-close-slight-wind-and-sheep-far-away.m4a in Resources */ = {isa = PBXBuildFile; fileRef = 851396932E79A2F300552A9D /* 779942__felixblume__slight-river-stream-close-slight-wind-and-sheep-far-away.m4a */; };
		851396972E79A2F300552A9D /* 457960__fabrizio84__river-stream.m4a in Resources */ = {isa = PBXBuildFile; fileRef = 851396912E79A2F300552A9D /* 457960__fabrizio84__river-stream.m4a */; };
		851396A82E79B01900552A9D /* AGENT.md in Resources */ = {isa = PBXBuildFile; fileRef = 851396982E79B01900552A9D /* AGENT.md */; };
		85709F372ED6612000740A9B /* SettingsView.swift in Sources */ = {isa = PBXBuildFile; fileRef = 85709F362ED6612000740A9B /* SettingsView.swift */; };
		858B370B2EA6544B003818E5 /* (null) in Frameworks */ = {isa = PBXBuildFile; };
		859C90952E8940E9008D9088 /* (null) in Frameworks */ = {isa = PBXBuildFile; };
		85A1813C2E78618200E26988 /* 471891__hargissssound__spring-birds-2019-processed-loop.m4a in Resources */ = {isa = PBXBuildFile; fileRef = 85A1813B2E78618200E26988 /* 471891__hargissssound__spring-birds-2019-processed-loop.m4a */; };
		85A1813D2E78618200E26988 /* 160893__ecfike__quiet-spring-woodland-ambience.m4a in Resources */ = {isa = PBXBuildFile; fileRef = 85A181392E78618200E26988 /* 160893__ecfike__quiet-spring-woodland-ambience.m4a */; };
		85A1813E2E78618200E26988 /* 422048__nimlos__forest_cicada_loop.m4a in Resources */ = {isa = PBXBuildFile; fileRef = 85A1813A2E78618200E26988 /* 422048__nimlos__forest_cicada_loop.m4a */; };
		85A986312E5B77B800EF08DB /* 177479__unfa__slowly-raining-loop.m4a in Resources */ = {isa = PBXBuildFile; fileRef = 85A986302E5B77B800EF08DB /* 177479__unfa__slowly-raining-loop.m4a */; };
		85A986332E5B782100EF08DB /* 584945__richwise__rain-loop-1.m4a in Resources */ = {isa = PBXBuildFile; fileRef = 85A986322E5B782100EF08DB /* 584945__richwise__rain-loop-1.m4a */; };
		85A986352E5B7A7D00EF08DB /* car_roof_drips.m4a in Resources */ = {isa = PBXBuildFile; fileRef = 85A986342E5B7A7D00EF08DB /* car_roof_drips.m4a */; };
		85A986372E5B7AAE00EF08DB /* 414482__giddster__fireplace-burning.m4a in Resources */ = {isa = PBXBuildFile; fileRef = 85A986362E5B7AAE00EF08DB /* 414482__giddster__fireplace-burning.m4a */; };
		85A986392E5B7B3900EF08DB /* 495660__aunrea__fireplace.m4a in Resources */ = {isa = PBXBuildFile; fileRef = 85A986382E5B7B3900EF08DB /* 495660__aunrea__fireplace.m4a */; };
		85A9863B2E5B7BED00EF08DB /* 127840__martats__waterfall_cycle.m4a in Resources */ = {isa = PBXBuildFile; fileRef = 85A9863A2E5B7BED00EF08DB /* 127840__martats__waterfall_cycle.m4a */; };
		85A9863F2E5B7DD000EF08DB /* 188295__willstepp__small-waterfall-at-the-mill.m4a in Resources */ = {isa = PBXBuildFile; fileRef = 85A9863E2E5B7DCF00EF08DB /* 188295__willstepp__small-waterfall-at-the-mill.m4a */; };
		85AB61DB2E79809500549201 /* 165395__shawnyboy__white-noise.m4a in Resources */ = {isa = PBXBuildFile; fileRef = 85AB61D72E79809500549201 /* 165395__shawnyboy__white-noise.m4a */; };
		85AB61DC2E79809500549201 /* 249313__jarredgibb__white-noise-20dbfs-30-second.m4a in Resources */ = {isa = PBXBuildFile; fileRef = 85AB61D82E79809500549201 /* 249313__jarredgibb__white-noise-20dbfs-30-second.m4a */; };
		85AB61DD2E79809500549201 /* 255890__andreasmustola__white-noise.m4a in Resources */ = {isa = PBXBuildFile; fileRef = 85AB61D92E79809500549201 /* 255890__andreasmustola__white-noise.m4a */; };
		85AB61DE2E79809500549201 /* 349315__newagesoup__white_noise-10s.m4a in Resources */ = {isa = PBXBuildFile; fileRef = 85AB61DA2E79809500549201 /* 349315__newagesoup__white_noise-10s.m4a */; };
		85AD4DBB2ED6423100C48EDB /* LoggingService.swift in Sources */ = {isa = PBXBuildFile; fileRef = 85AD4DBA2ED6423100C48EDB /* LoggingService.swift */; };
		85B1A0022EDD000100A1B1C1 /* WhiteNoisesViewModel+Playback.swift in Sources */ = {isa = PBXBuildFile; fileRef = 85B1A0012EDD000100A1B1C1 /* WhiteNoisesViewModel+Playback.swift */; };
		85B1A0042EDD000100A1B1C1 /* WhiteNoisesViewModel+Timer.swift in Sources */ = {isa = PBXBuildFile; fileRef = 85B1A0032EDD000100A1B1C1 /* WhiteNoisesViewModel+Timer.swift */; };
		85B1A0062EDD000100A1B1C1 /* WhiteNoisesViewModel+RemoteCommands.swift in Sources */ = {isa = PBXBuildFile; fileRef = 85B1A0052EDD000100A1B1C1 /* WhiteNoisesViewModel+RemoteCommands.swift */; };
		85B1A0082EDD000100A1B1C1 /* WhiteNoisesViewModel+Lifecycle.swift in Sources */ = {isa = PBXBuildFile; fileRef = 85B1A0072EDD000100A1B1C1 /* WhiteNoisesViewModel+Lifecycle.swift */; };
		85B1A00A2EDD000100A1B1C1 /* WhiteNoisesViewModel+NowPlaying.swift in Sources */ = {isa = PBXBuildFile; fileRef = 85B1A0092EDD000100A1B1C1 /* WhiteNoisesViewModel+NowPlaying.swift */; };
		85E4A0B12E9C8B1F0046A9D3 /* TrialReminderScheduler.swift in Sources */ = {isa = PBXBuildFile; fileRef = 85E4A0B02E9C8B1F0046A9D3 /* TrialReminderScheduler.swift */; };
		85F61C5C2E4353D9002AB6F9 /* AppConstants.swift in Sources */ = {isa = PBXBuildFile; fileRef = 85F61C5A2E4353D9002AB6F9 /* AppConstants.swift */; };
		85F61C5F2E4353E0002AB6F9 /* View+Extensions.swift in Sources */ = {isa = PBXBuildFile; fileRef = 85F61C5D2E4353E0002AB6F9 /* View+Extensions.swift */; };
		85F61C622E4353E8002AB6F9 /* Sound.swift in Sources */ = {isa = PBXBuildFile; fileRef = 85F61C602E4353E8002AB6F9 /* Sound.swift */; };
		85F61C652E4353F2002AB6F9 /* SoundConfiguration.json in Resources */ = {isa = PBXBuildFile; fileRef = 85F61C632E4353F2002AB6F9 /* SoundConfiguration.json */; };
		85F61C722E4353F6002AB6F9 /* AudioPlayerProtocol.swift in Sources */ = {isa = PBXBuildFile; fileRef = 85F61C662E4353F6002AB6F9 /* AudioPlayerProtocol.swift */; };
		85F61C742E4353F6002AB6F9 /* SoundPersistenceService.swift in Sources */ = {isa = PBXBuildFile; fileRef = 85F61C6F2E4353F6002AB6F9 /* SoundPersistenceService.swift */; };
		85F61C752E4353F6002AB6F9 /* HapticFeedbackService.swift in Sources */ = {isa = PBXBuildFile; fileRef = 85F61C692E4353F6002AB6F9 /* HapticFeedbackService.swift */; };
		85F61C762E4353F6002AB6F9 /* SoundFactoryProtocol.swift in Sources */ = {isa = PBXBuildFile; fileRef = 85F61C6E2E4353F6002AB6F9 /* SoundFactoryProtocol.swift */; };
		85F61C772E4353F6002AB6F9 /* AudioSessionService.swift in Sources */ = {isa = PBXBuildFile; fileRef = 85F61C672E4353F6002AB6F9 /* AudioSessionService.swift */; };
		85F61C782E4353F6002AB6F9 /* RemoteCommandService.swift in Sources */ = {isa = PBXBuildFile; fileRef = 85F61C6B2E4353F6002AB6F9 /* RemoteCommandService.swift */; };
		85F61C792E4353F6002AB6F9 /* SoundFactory.swift in Sources */ = {isa = PBXBuildFile; fileRef = 85F61C6D2E4353F6002AB6F9 /* SoundFactory.swift */; };
		85F61C7A2E4353F6002AB6F9 /* AVAudioPlayerWrapper.swift in Sources */ = {isa = PBXBuildFile; fileRef = 85F61C682E4353F6002AB6F9 /* AVAudioPlayerWrapper.swift */; };
		85F61C7B2E4353F6002AB6F9 /* SoundConfigurationLoader.swift in Sources */ = {isa = PBXBuildFile; fileRef = 85F61C6C2E4353F6002AB6F9 /* SoundConfigurationLoader.swift */; };
		85F61C7C2E4353F6002AB6F9 /* TimerService.swift in Sources */ = {isa = PBXBuildFile; fileRef = 85F61C702E4353F6002AB6F9 /* TimerService.swift */; };
		85F61C802E4353FE002AB6F9 /* WhiteNoisesViewModel.swift in Sources */ = {isa = PBXBuildFile; fileRef = 85F61C7E2E4353FE002AB6F9 /* WhiteNoisesViewModel.swift */; };
		85F61C812E4353FE002AB6F9 /* SoundViewModel.swift in Sources */ = {isa = PBXBuildFile; fileRef = 85F61C7D2E4353FE002AB6F9 /* SoundViewModel.swift */; };
		85F61C882E435402002AB6F9 /* WhiteNoisesView.swift in Sources */ = {isa = PBXBuildFile; fileRef = 85F61C862E435402002AB6F9 /* WhiteNoisesView.swift */; };
		85F61C892E435402002AB6F9 /* TimerPickerView.swift in Sources */ = {isa = PBXBuildFile; fileRef = 85F61C852E435402002AB6F9 /* TimerPickerView.swift */; };
		85F61C8A2E435402002AB6F9 /* ContentView.swift in Sources */ = {isa = PBXBuildFile; fileRef = 85F61C822E435402002AB6F9 /* ContentView.swift */; };
		85F61C8C2E435402002AB6F9 /* SoundView.swift in Sources */ = {isa = PBXBuildFile; fileRef = 85F61C842E435402002AB6F9 /* SoundView.swift */; };
		85F61C902E435410002AB6F9 /* FadeStrategy.swift in Sources */ = {isa = PBXBuildFile; fileRef = 85F61C8D2E435410002AB6F9 /* FadeStrategy.swift */; };
		85F61C912E435410002AB6F9 /* FadeOperation.swift in Sources */ = {isa = PBXBuildFile; fileRef = 85F61C8E2E435410002AB6F9 /* FadeOperation.swift */; };
		85LOCALEBF2F0EB54100123456 /* Localizable.xcstrings in Resources */ = {isa = PBXBuildFile; fileRef = 85LOCALE2F0EB54100123456 /* Localizable.xcstrings */; };
		95E0C2012F00000100000001 /* TimerServiceTests.swift in Sources */ = {isa = PBXBuildFile; fileRef = 95E0C2002F00000100000001 /* TimerServiceTests.swift */; };
/* End PBXBuildFile section */

/* Begin PBXCopyFilesBuildPhase section */
		74CD168C2A45EC29004FE649 /* Embed Foundation Extensions */ = {
			isa = PBXCopyFilesBuildPhase;
			buildActionMask = 2147483647;
			dstPath = "";
			dstSubfolderSpec = 13;
			files = (
			);
			name = "Embed Foundation Extensions";
			runOnlyForDeploymentPostprocessing = 0;
		};
/* End PBXCopyFilesBuildPhase section */

/* Begin PBXFileReference section */
		0D86E300FE2F4B08A649FD3F /* AppConfig.xcconfig */ = {isa = PBXFileReference; lastKnownFileType = text.xcconfig; path = AppConfig.xcconfig; sourceTree = "<group>"; };
		74349A502A26413C00AB0EF5 /* WhiteSoundRuslan1234.app */ = {isa = PBXFileReference; explicitFileType = wrapper.application; includeInIndex = 0; path = WhiteSoundRuslan1234.app; sourceTree = BUILT_PRODUCTS_DIR; };
		74349A532A26413C00AB0EF5 /* WhiteNoiseApp.swift */ = {isa = PBXFileReference; lastKnownFileType = sourcecode.swift; path = WhiteNoiseApp.swift; sourceTree = "<group>"; };
		74349A572A26413F00AB0EF5 /* Assets.xcassets */ = {isa = PBXFileReference; lastKnownFileType = folder.assetcatalog; path = Assets.xcassets; sourceTree = "<group>"; };
		74349A5A2A26413F00AB0EF5 /* Preview Assets.xcassets */ = {isa = PBXFileReference; lastKnownFileType = folder.assetcatalog; path = "Preview Assets.xcassets"; sourceTree = "<group>"; };
		74349A6E2A26413F00AB0EF5 /* WhiteNoiseUITests.swift */ = {isa = PBXFileReference; lastKnownFileType = sourcecode.swift; path = WhiteNoiseUITests.swift; sourceTree = "<group>"; };
		74349A702A26413F00AB0EF5 /* WhiteNoiseUITestsLaunchTests.swift */ = {isa = PBXFileReference; lastKnownFileType = sourcecode.swift; path = WhiteNoiseUITestsLaunchTests.swift; sourceTree = "<group>"; };
		74349ACB2A2651AC00AB0EF5 /* Info.plist */ = {isa = PBXFileReference; lastKnownFileType = text.plist; path = Info.plist; sourceTree = "<group>"; };
		74ABCD162A5E8FBB00123456 /* LaunchScreen.storyboard */ = {isa = PBXFileReference; lastKnownFileType = file.storyboard; path = LaunchScreen.storyboard; sourceTree = "<group>"; };
		74CD166E2A45DCB7004FE649 /* WhiteNoise.entitlements */ = {isa = PBXFileReference; lastKnownFileType = text.plist.entitlements; path = WhiteNoise.entitlements; sourceTree = "<group>"; };
		74CD16772A45EC27004FE649 /* WidgetKit.framework */ = {isa = PBXFileReference; lastKnownFileType = wrapper.framework; name = WidgetKit.framework; path = Library/Frameworks/WidgetKit.framework; sourceTree = DEVELOPER_DIR; };
		74CD16792A45EC27004FE649 /* SwiftUI.framework */ = {isa = PBXFileReference; lastKnownFileType = wrapper.framework; name = SwiftUI.framework; path = System/Library/Frameworks/SwiftUI.framework; sourceTree = SDKROOT; };
		850AD41E2E8C192E0047D214 /* TelemetryService.swift */ = {isa = PBXFileReference; lastKnownFileType = sourcecode.swift; path = TelemetryService.swift; sourceTree = "<group>"; };
		850C1EAC2E7B256E00545D95 /* RevenueCatService.swift */ = {isa = PBXFileReference; lastKnownFileType = sourcecode.swift; path = RevenueCatService.swift; sourceTree = "<group>"; };
		850C1EAE2E7B4F5500545D95 /* EntitlementsCoordinator.swift */ = {isa = PBXFileReference; lastKnownFileType = sourcecode.swift; path = EntitlementsCoordinator.swift; sourceTree = "<group>"; };
		850C1EB62E7B5EFA00545D95 /* PaywallSheetView.swift */ = {isa = PBXFileReference; lastKnownFileType = sourcecode.swift; path = PaywallSheetView.swift; sourceTree = "<group>"; };
		851396712E79876500552A9D /* 242513__hinoirocks__brownnoise.m4a */ = {isa = PBXFileReference; lastKnownFileType = file; path = 242513__hinoirocks__brownnoise.m4a; sourceTree = "<group>"; };
		851396722E79876500552A9D /* 365932__oldslowvideogamer__brown-noise-medium-oldslowvideogamer.m4a */ = {isa = PBXFileReference; lastKnownFileType = file; path = "365932__oldslowvideogamer__brown-noise-medium-oldslowvideogamer.m4a"; sourceTree = "<group>"; };
		851396732E79876500552A9D /* 737409__tracyradio__brown-noise.m4a */ = {isa = PBXFileReference; lastKnownFileType = file; path = "737409__tracyradio__brown-noise.m4a"; sourceTree = "<group>"; };
		851396782E798E5D00552A9D /* 156354__rmutt__oceanwaves-9.m4a */ = {isa = PBXFileReference; lastKnownFileType = file; path = "156354__rmutt__oceanwaves-9.m4a"; sourceTree = "<group>"; };
		851396792E798E5D00552A9D /* 157881__stomachache__endlessocean-venicebeach-loop.m4a */ = {isa = PBXFileReference; lastKnownFileType = file; path = "157881__stomachache__endlessocean-venicebeach-loop.m4a"; sourceTree = "<group>"; };
		8513967A2E798E5D00552A9D /* 450755__florianreichelt__waves-of-hawaii.m4a */ = {isa = PBXFileReference; lastKnownFileType = file; path = "450755__florianreichelt__waves-of-hawaii.m4a"; sourceTree = "<group>"; };
		8513967B2E798E5D00552A9D /* 531015__noted451__ocean-waves.m4a */ = {isa = PBXFileReference; lastKnownFileType = file; path = "531015__noted451__ocean-waves.m4a"; sourceTree = "<group>"; };
		8513967C2E798E5D00552A9D /* 578524__samsterbirdies__calm-ocean-waves.m4a */ = {isa = PBXFileReference; lastKnownFileType = file; path = "578524__samsterbirdies__calm-ocean-waves.m4a"; sourceTree = "<group>"; };
		851396832E79965100552A9D /* 238295__regosss__thunderstorm.m4a */ = {isa = PBXFileReference; lastKnownFileType = file; path = 238295__regosss__thunderstorm.m4a; sourceTree = "<group>"; };
		851396852E79965100552A9D /* 529535__straget__thunder-2.m4a */ = {isa = PBXFileReference; lastKnownFileType = file; path = "529535__straget__thunder-2.m4a"; sourceTree = "<group>"; };
		851396862E79965100552A9D /* 625354__johnnydekk__lightning.m4a */ = {isa = PBXFileReference; lastKnownFileType = file; path = 625354__johnnydekk__lightning.m4a; sourceTree = "<group>"; };
		8513968B2E799F1400552A9D /* 17374__homejrande__fire-wood-bonfire-high-eq.m4a */ = {isa = PBXFileReference; lastKnownFileType = file; path = "17374__homejrande__fire-wood-bonfire-high-eq.m4a"; sourceTree = "<group>"; };
		8513968C2E799F1400552A9D /* 170247__matucha__campfire_01.m4a */ = {isa = PBXFileReference; lastKnownFileType = file; path = 170247__matucha__campfire_01.m4a; sourceTree = "<group>"; };
		851396902E79A2F300552A9D /* 318064__ceich93__water_lapping_river.m4a */ = {isa = PBXFileReference; lastKnownFileType = file; path = 318064__ceich93__water_lapping_river.m4a; sourceTree = "<group>"; };
		851396912E79A2F300552A9D /* 457960__fabrizio84__river-stream.m4a */ = {isa = PBXFileReference; lastKnownFileType = file; path = "457960__fabrizio84__river-stream.m4a"; sourceTree = "<group>"; };
		851396922E79A2F300552A9D /* 637789__kyles__river-or-stream-close-soft-babbly-current2.m4a */ = {isa = PBXFileReference; lastKnownFileType = file; path = "637789__kyles__river-or-stream-close-soft-babbly-current2.m4a"; sourceTree = "<group>"; };
		851396932E79A2F300552A9D /* 779942__felixblume__slight-river-stream-close-slight-wind-and-sheep-far-away.m4a */ = {isa = PBXFileReference; lastKnownFileType = file; path = "779942__felixblume__slight-river-stream-close-slight-wind-and-sheep-far-away.m4a"; sourceTree = "<group>"; };
		851396982E79B01900552A9D /* AGENT.md */ = {isa = PBXFileReference; lastKnownFileType = net.daringfireball.markdown; path = AGENT.md; sourceTree = "<group>"; };
		854592702E3B9BF400095568 /* README.md */ = {isa = PBXFileReference; lastKnownFileType = net.daringfireball.markdown; path = README.md; sourceTree = "<group>"; };
		85709F362ED6612000740A9B /* SettingsView.swift */ = {isa = PBXFileReference; lastKnownFileType = sourcecode.swift; path = SettingsView.swift; sourceTree = "<group>"; };
		85A181372E785F9300E26988 /* WhiteNoiseUnitTests.xctest */ = {isa = PBXFileReference; explicitFileType = wrapper.cfbundle; includeInIndex = 0; path = WhiteNoiseUnitTests.xctest; sourceTree = BUILT_PRODUCTS_DIR; };
		85A181392E78618200E26988 /* 160893__ecfike__quiet-spring-woodland-ambience.m4a */ = {isa = PBXFileReference; lastKnownFileType = file; path = "160893__ecfike__quiet-spring-woodland-ambience.m4a"; sourceTree = "<group>"; };
		85A1813A2E78618200E26988 /* 422048__nimlos__forest_cicada_loop.m4a */ = {isa = PBXFileReference; lastKnownFileType = file; path = 422048__nimlos__forest_cicada_loop.m4a; sourceTree = "<group>"; };
		85A1813B2E78618200E26988 /* 471891__hargissssound__spring-birds-2019-processed-loop.m4a */ = {isa = PBXFileReference; lastKnownFileType = file; path = "471891__hargissssound__spring-birds-2019-processed-loop.m4a"; sourceTree = "<group>"; };
		85A986302E5B77B800EF08DB /* 177479__unfa__slowly-raining-loop.m4a */ = {isa = PBXFileReference; lastKnownFileType = file; path = "177479__unfa__slowly-raining-loop.m4a"; sourceTree = "<group>"; };
		85A986322E5B782100EF08DB /* 584945__richwise__rain-loop-1.m4a */ = {isa = PBXFileReference; lastKnownFileType = file; path = "584945__richwise__rain-loop-1.m4a"; sourceTree = "<group>"; };
		85A986342E5B7A7D00EF08DB /* car_roof_drips.m4a */ = {isa = PBXFileReference; lastKnownFileType = file; path = car_roof_drips.m4a; sourceTree = "<group>"; };
		85A986362E5B7AAE00EF08DB /* 414482__giddster__fireplace-burning.m4a */ = {isa = PBXFileReference; lastKnownFileType = file; path = "414482__giddster__fireplace-burning.m4a"; sourceTree = "<group>"; };
		85A986382E5B7B3900EF08DB /* 495660__aunrea__fireplace.m4a */ = {isa = PBXFileReference; lastKnownFileType = file; path = 495660__aunrea__fireplace.m4a; sourceTree = "<group>"; };
		85A9863A2E5B7BED00EF08DB /* 127840__martats__waterfall_cycle.m4a */ = {isa = PBXFileReference; lastKnownFileType = file; path = 127840__martats__waterfall_cycle.m4a; sourceTree = "<group>"; };
		85A9863E2E5B7DCF00EF08DB /* 188295__willstepp__small-waterfall-at-the-mill.m4a */ = {isa = PBXFileReference; lastKnownFileType = file; path = "188295__willstepp__small-waterfall-at-the-mill.m4a"; sourceTree = "<group>"; };
		85AB61D72E79809500549201 /* 165395__shawnyboy__white-noise.m4a */ = {isa = PBXFileReference; lastKnownFileType = file; path = "165395__shawnyboy__white-noise.m4a"; sourceTree = "<group>"; };
		85AB61D82E79809500549201 /* 249313__jarredgibb__white-noise-20dbfs-30-second.m4a */ = {isa = PBXFileReference; lastKnownFileType = file; path = "249313__jarredgibb__white-noise-20dbfs-30-second.m4a"; sourceTree = "<group>"; };
		85AB61D92E79809500549201 /* 255890__andreasmustola__white-noise.m4a */ = {isa = PBXFileReference; lastKnownFileType = file; path = "255890__andreasmustola__white-noise.m4a"; sourceTree = "<group>"; };
		85AB61DA2E79809500549201 /* 349315__newagesoup__white_noise-10s.m4a */ = {isa = PBXFileReference; lastKnownFileType = file; path = "349315__newagesoup__white_noise-10s.m4a"; sourceTree = "<group>"; };
		85AD4DBA2ED6423100C48EDB /* LoggingService.swift */ = {isa = PBXFileReference; lastKnownFileType = sourcecode.swift; path = LoggingService.swift; sourceTree = "<group>"; };
		85B1A0012EDD000100A1B1C1 /* WhiteNoisesViewModel+Playback.swift */ = {isa = PBXFileReference; lastKnownFileType = sourcecode.swift; path = "WhiteNoisesViewModel+Playback.swift"; sourceTree = "<group>"; };
		85B1A0032EDD000100A1B1C1 /* WhiteNoisesViewModel+Timer.swift */ = {isa = PBXFileReference; lastKnownFileType = sourcecode.swift; path = "WhiteNoisesViewModel+Timer.swift"; sourceTree = "<group>"; };
		85B1A0052EDD000100A1B1C1 /* WhiteNoisesViewModel+RemoteCommands.swift */ = {isa = PBXFileReference; lastKnownFileType = sourcecode.swift; path = "WhiteNoisesViewModel+RemoteCommands.swift"; sourceTree = "<group>"; };
		85B1A0072EDD000100A1B1C1 /* WhiteNoisesViewModel+Lifecycle.swift */ = {isa = PBXFileReference; lastKnownFileType = sourcecode.swift; path = "WhiteNoisesViewModel+Lifecycle.swift"; sourceTree = "<group>"; };
		85B1A0092EDD000100A1B1C1 /* WhiteNoisesViewModel+NowPlaying.swift */ = {isa = PBXFileReference; lastKnownFileType = sourcecode.swift; path = "WhiteNoisesViewModel+NowPlaying.swift"; sourceTree = "<group>"; };
		85E4A0B02E9C8B1F0046A9D3 /* TrialReminderScheduler.swift */ = {isa = PBXFileReference; lastKnownFileType = sourcecode.swift; path = TrialReminderScheduler.swift; sourceTree = "<group>"; };
		85F61C5A2E4353D9002AB6F9 /* AppConstants.swift */ = {isa = PBXFileReference; lastKnownFileType = sourcecode.swift; path = AppConstants.swift; sourceTree = "<group>"; };
		85F61C5D2E4353E0002AB6F9 /* View+Extensions.swift */ = {isa = PBXFileReference; lastKnownFileType = sourcecode.swift; path = "View+Extensions.swift"; sourceTree = "<group>"; };
		85F61C602E4353E8002AB6F9 /* Sound.swift */ = {isa = PBXFileReference; lastKnownFileType = sourcecode.swift; path = Sound.swift; sourceTree = "<group>"; };
		85F61C632E4353F2002AB6F9 /* SoundConfiguration.json */ = {isa = PBXFileReference; lastKnownFileType = text.json; path = SoundConfiguration.json; sourceTree = "<group>"; };
		85F61C662E4353F6002AB6F9 /* AudioPlayerProtocol.swift */ = {isa = PBXFileReference; lastKnownFileType = sourcecode.swift; path = AudioPlayerProtocol.swift; sourceTree = "<group>"; };
		85F61C672E4353F6002AB6F9 /* AudioSessionService.swift */ = {isa = PBXFileReference; lastKnownFileType = sourcecode.swift; path = AudioSessionService.swift; sourceTree = "<group>"; };
		85F61C682E4353F6002AB6F9 /* AVAudioPlayerWrapper.swift */ = {isa = PBXFileReference; lastKnownFileType = sourcecode.swift; path = AVAudioPlayerWrapper.swift; sourceTree = "<group>"; };
		85F61C692E4353F6002AB6F9 /* HapticFeedbackService.swift */ = {isa = PBXFileReference; lastKnownFileType = sourcecode.swift; path = HapticFeedbackService.swift; sourceTree = "<group>"; };
		85F61C6B2E4353F6002AB6F9 /* RemoteCommandService.swift */ = {isa = PBXFileReference; lastKnownFileType = sourcecode.swift; path = RemoteCommandService.swift; sourceTree = "<group>"; };
		85F61C6C2E4353F6002AB6F9 /* SoundConfigurationLoader.swift */ = {isa = PBXFileReference; lastKnownFileType = sourcecode.swift; path = SoundConfigurationLoader.swift; sourceTree = "<group>"; };
		85F61C6D2E4353F6002AB6F9 /* SoundFactory.swift */ = {isa = PBXFileReference; lastKnownFileType = sourcecode.swift; path = SoundFactory.swift; sourceTree = "<group>"; };
		85F61C6E2E4353F6002AB6F9 /* SoundFactoryProtocol.swift */ = {isa = PBXFileReference; lastKnownFileType = sourcecode.swift; path = SoundFactoryProtocol.swift; sourceTree = "<group>"; };
		85F61C6F2E4353F6002AB6F9 /* SoundPersistenceService.swift */ = {isa = PBXFileReference; lastKnownFileType = sourcecode.swift; path = SoundPersistenceService.swift; sourceTree = "<group>"; };
		85F61C702E4353F6002AB6F9 /* TimerService.swift */ = {isa = PBXFileReference; lastKnownFileType = sourcecode.swift; path = TimerService.swift; sourceTree = "<group>"; };
		85F61C7D2E4353FE002AB6F9 /* SoundViewModel.swift */ = {isa = PBXFileReference; lastKnownFileType = sourcecode.swift; path = SoundViewModel.swift; sourceTree = "<group>"; };
		85F61C7E2E4353FE002AB6F9 /* WhiteNoisesViewModel.swift */ = {isa = PBXFileReference; lastKnownFileType = sourcecode.swift; path = WhiteNoisesViewModel.swift; sourceTree = "<group>"; };
		85F61C822E435402002AB6F9 /* ContentView.swift */ = {isa = PBXFileReference; lastKnownFileType = sourcecode.swift; path = ContentView.swift; sourceTree = "<group>"; };
		85F61C842E435402002AB6F9 /* SoundView.swift */ = {isa = PBXFileReference; lastKnownFileType = sourcecode.swift; path = SoundView.swift; sourceTree = "<group>"; };
		85F61C852E435402002AB6F9 /* TimerPickerView.swift */ = {isa = PBXFileReference; lastKnownFileType = sourcecode.swift; path = TimerPickerView.swift; sourceTree = "<group>"; };
		85F61C862E435402002AB6F9 /* WhiteNoisesView.swift */ = {isa = PBXFileReference; lastKnownFileType = sourcecode.swift; path = WhiteNoisesView.swift; sourceTree = "<group>"; };
		85F61C8D2E435410002AB6F9 /* FadeStrategy.swift */ = {isa = PBXFileReference; lastKnownFileType = sourcecode.swift; path = FadeStrategy.swift; sourceTree = "<group>"; };
		85F61C8E2E435410002AB6F9 /* FadeOperation.swift */ = {isa = PBXFileReference; lastKnownFileType = sourcecode.swift; path = FadeOperation.swift; sourceTree = "<group>"; };
		85LOCALE2F0EB54100123456 /* Localizable.xcstrings */ = {isa = PBXFileReference; lastKnownFileType = text.json.xcstrings; path = Localizable.xcstrings; sourceTree = "<group>"; };
		95E0C2002F00000100000001 /* TimerServiceTests.swift */ = {isa = PBXFileReference; lastKnownFileType = sourcecode.swift; path = TimerServiceTests.swift; sourceTree = "<group>"; };
		BB66DDEBAEFE916E664211BF /* GlassDesignSystem.swift */ = {isa = PBXFileReference; includeInIndex = 1; lastKnownFileType = sourcecode.swift; path = GlassDesignSystem.swift; sourceTree = "<group>"; };
/* End PBXFileReference section */

/* Begin PBXFrameworksBuildPhase section */
		74349A4D2A26413C00AB0EF5 /* Frameworks */ = {
			isa = PBXFrameworksBuildPhase;
			buildActionMask = 2147483647;
			files = (
				850656A72E835B680014A941 /* RevenueCatUI in Frameworks */,
				850656A52E835B680014A941 /* RevenueCat in Frameworks */,
				78201BA8BCA54DF599C4FA5E /* Sentry in Frameworks */,
			);
			runOnlyForDeploymentPostprocessing = 0;
		};
		95E0C1FE2F00000100000001 /* Frameworks */ = {
			isa = PBXFrameworksBuildPhase;
			buildActionMask = 2147483647;
			files = (
				859C90952E8940E9008D9088 /* (null) in Frameworks */,
				858B370B2EA6544B003818E5 /* (null) in Frameworks */,
			);
			runOnlyForDeploymentPostprocessing = 0;
		};
/* End PBXFrameworksBuildPhase section */

/* Begin PBXGroup section */
		6CED74548EFAA3036F01E0E6 /* Theme */ = {
			isa = PBXGroup;
			children = (
				BB66DDEBAEFE916E664211BF /* GlassDesignSystem.swift */,
			);
			path = Theme;
			sourceTree = "<group>";
		};
		74349A472A26413C00AB0EF5 = {
			isa = PBXGroup;
			children = (
				854592702E3B9BF400095568 /* README.md */,
				851396982E79B01900552A9D /* AGENT.md */,
				D0C5F00012345678DOCS0001 /* docs */,
				74349A522A26413C00AB0EF5 /* WhiteNoise */,
				74349A6D2A26413F00AB0EF5 /* WhiteNoiseUITests */,
				95E0C1FB2F00000100000001 /* WhiteNoiseUnitTests */,
				74CD16762A45EC27004FE649 /* Frameworks */,
				74349A512A26413C00AB0EF5 /* Products */,
			);
			sourceTree = "<group>";
		};
		74349A512A26413C00AB0EF5 /* Products */ = {
			isa = PBXGroup;
			children = (
				74349A502A26413C00AB0EF5 /* WhiteSoundRuslan1234.app */,
				85A181372E785F9300E26988 /* WhiteNoiseUnitTests.xctest */,
			);
			name = Products;
			sourceTree = "<group>";
		};
		74349A522A26413C00AB0EF5 /* WhiteNoise */ = {
			isa = PBXGroup;
			children = (
				EE37D754B833475BB2129E7D /* Configuration */,
				85F61C872E435402002AB6F9 /* Views */,
				85F61C7F2E4353FE002AB6F9 /* ViewModels */,
				85F61C712E4353F6002AB6F9 /* Services */,
				85F61C982E435420002AB6F9 /* Strategies */,
				85F61C612E4353E8002AB6F9 /* Models */,
				85F61C5E2E4353E0002AB6F9 /* Extensions */,
				85F61C5B2E4353D9002AB6F9 /* Constants */,
				74CD166E2A45DCB7004FE649 /* WhiteNoise.entitlements */,
				74349ACB2A2651AC00AB0EF5 /* Info.plist */,
				85LOCALE2F0EB54100123456 /* Localizable.xcstrings */,
				74349A532A26413C00AB0EF5 /* WhiteNoiseApp.swift */,
				74349A832A26494300AB0EF5 /* Sounds */,
				74349A572A26413F00AB0EF5 /* Assets.xcassets */,
				74ABCD162A5E8FBB00123456 /* LaunchScreen.storyboard */,
				74349A592A26413F00AB0EF5 /* Preview Content */,
				6CED74548EFAA3036F01E0E6 /* Theme */,
			);
			path = WhiteNoise;
			sourceTree = "<group>";
		};
		74349A592A26413F00AB0EF5 /* Preview Content */ = {
			isa = PBXGroup;
			children = (
				74349A5A2A26413F00AB0EF5 /* Preview Assets.xcassets */,
			);
			path = "Preview Content";
			sourceTree = "<group>";
		};
		74349A6D2A26413F00AB0EF5 /* WhiteNoiseUITests */ = {
			isa = PBXGroup;
			children = (
				74349A6E2A26413F00AB0EF5 /* WhiteNoiseUITests.swift */,
				74349A702A26413F00AB0EF5 /* WhiteNoiseUITestsLaunchTests.swift */,
			);
			path = WhiteNoiseUITests;
			sourceTree = "<group>";
		};
		74349A832A26494300AB0EF5 /* Sounds */ = {
			isa = PBXGroup;
			children = (
				85F61C632E4353F2002AB6F9 /* SoundConfiguration.json */,
				748E81AB2A49DC4500CBC255 /* rain */,
				748E81AC2A49DEB700CBC255 /* bonfire */,
				748E81AF2A49DEEE00CBC255 /* waterfall */,
				85A181382E7860EF00E26988 /* forest */,
				85AB61D62E79808000549201 /* white noise */,
				851396702E79874B00552A9D /* brown noise */,
				851396772E798E4D00552A9D /* ocean */,
				851396822E79963900552A9D /* thunderstorm */,
				8513968F2E79A2A700552A9D /* river */,
			);
			path = Sounds;
			sourceTree = "<group>";
		};
		748E81AB2A49DC4500CBC255 /* rain */ = {
			isa = PBXGroup;
			children = (
				85A986342E5B7A7D00EF08DB /* car_roof_drips.m4a */,
				85A986302E5B77B800EF08DB /* 177479__unfa__slowly-raining-loop.m4a */,
				85A986322E5B782100EF08DB /* 584945__richwise__rain-loop-1.m4a */,
			);
			path = rain;
			sourceTree = "<group>";
		};
		748E81AC2A49DEB700CBC255 /* bonfire */ = {
			isa = PBXGroup;
			children = (
				85A986382E5B7B3900EF08DB /* 495660__aunrea__fireplace.m4a */,
				85A986362E5B7AAE00EF08DB /* 414482__giddster__fireplace-burning.m4a */,
				8513968B2E799F1400552A9D /* 17374__homejrande__fire-wood-bonfire-high-eq.m4a */,
				8513968C2E799F1400552A9D /* 170247__matucha__campfire_01.m4a */,
			);
			path = bonfire;
			sourceTree = "<group>";
		};
		748E81AF2A49DEEE00CBC255 /* waterfall */ = {
			isa = PBXGroup;
			children = (
				85A9863E2E5B7DCF00EF08DB /* 188295__willstepp__small-waterfall-at-the-mill.m4a */,
				85A9863A2E5B7BED00EF08DB /* 127840__martats__waterfall_cycle.m4a */,
			);
			path = waterfall;
			sourceTree = "<group>";
		};
		74CD16762A45EC27004FE649 /* Frameworks */ = {
			isa = PBXGroup;
			children = (
				74CD16772A45EC27004FE649 /* WidgetKit.framework */,
				74CD16792A45EC27004FE649 /* SwiftUI.framework */,
			);
			name = Frameworks;
			sourceTree = "<group>";
		};
		851396702E79874B00552A9D /* brown noise */ = {
			isa = PBXGroup;
			children = (
				851396712E79876500552A9D /* 242513__hinoirocks__brownnoise.m4a */,
				851396722E79876500552A9D /* 365932__oldslowvideogamer__brown-noise-medium-oldslowvideogamer.m4a */,
				851396732E79876500552A9D /* 737409__tracyradio__brown-noise.m4a */,
			);
			path = "brown noise";
			sourceTree = "<group>";
		};
		851396772E798E4D00552A9D /* ocean */ = {
			isa = PBXGroup;
			children = (
				851396782E798E5D00552A9D /* 156354__rmutt__oceanwaves-9.m4a */,
				851396792E798E5D00552A9D /* 157881__stomachache__endlessocean-venicebeach-loop.m4a */,
				8513967A2E798E5D00552A9D /* 450755__florianreichelt__waves-of-hawaii.m4a */,
				8513967B2E798E5D00552A9D /* 531015__noted451__ocean-waves.m4a */,
				8513967C2E798E5D00552A9D /* 578524__samsterbirdies__calm-ocean-waves.m4a */,
			);
			path = ocean;
			sourceTree = "<group>";
		};
		851396822E79963900552A9D /* thunderstorm */ = {
			isa = PBXGroup;
			children = (
				851396832E79965100552A9D /* 238295__regosss__thunderstorm.m4a */,
				851396852E79965100552A9D /* 529535__straget__thunder-2.m4a */,
				851396862E79965100552A9D /* 625354__johnnydekk__lightning.m4a */,
			);
			path = thunderstorm;
			sourceTree = "<group>";
		};
		8513968F2E79A2A700552A9D /* river */ = {
			isa = PBXGroup;
			children = (
				851396902E79A2F300552A9D /* 318064__ceich93__water_lapping_river.m4a */,
				851396912E79A2F300552A9D /* 457960__fabrizio84__river-stream.m4a */,
				851396922E79A2F300552A9D /* 637789__kyles__river-or-stream-close-soft-babbly-current2.m4a */,
				851396932E79A2F300552A9D /* 779942__felixblume__slight-river-stream-close-slight-wind-and-sheep-far-away.m4a */,
			);
			path = river;
			sourceTree = "<group>";
		};
		85A181382E7860EF00E26988 /* forest */ = {
			isa = PBXGroup;
			children = (
				85A181392E78618200E26988 /* 160893__ecfike__quiet-spring-woodland-ambience.m4a */,
				85A1813A2E78618200E26988 /* 422048__nimlos__forest_cicada_loop.m4a */,
				85A1813B2E78618200E26988 /* 471891__hargissssound__spring-birds-2019-processed-loop.m4a */,
			);
			path = forest;
			sourceTree = "<group>";
		};
		85AB61D62E79808000549201 /* white noise */ = {
			isa = PBXGroup;
			children = (
				85AB61D72E79809500549201 /* 165395__shawnyboy__white-noise.m4a */,
				85AB61D82E79809500549201 /* 249313__jarredgibb__white-noise-20dbfs-30-second.m4a */,
				85AB61D92E79809500549201 /* 255890__andreasmustola__white-noise.m4a */,
				85AB61DA2E79809500549201 /* 349315__newagesoup__white_noise-10s.m4a */,
			);
			path = "white noise";
			sourceTree = "<group>";
		};
		85F61C5B2E4353D9002AB6F9 /* Constants */ = {
			isa = PBXGroup;
			children = (
				85F61C5A2E4353D9002AB6F9 /* AppConstants.swift */,
			);
			path = Constants;
			sourceTree = "<group>";
		};
		85F61C5E2E4353E0002AB6F9 /* Extensions */ = {
			isa = PBXGroup;
			children = (
				85F61C5D2E4353E0002AB6F9 /* View+Extensions.swift */,
			);
			path = Extensions;
			sourceTree = "<group>";
		};
		85F61C612E4353E8002AB6F9 /* Models */ = {
			isa = PBXGroup;
			children = (
				85F61C602E4353E8002AB6F9 /* Sound.swift */,
			);
			path = Models;
			sourceTree = "<group>";
		};
		85F61C712E4353F6002AB6F9 /* Services */ = {
			isa = PBXGroup;
			children = (
				850AD41E2E8C192E0047D214 /* TelemetryService.swift */,
				850C1EAE2E7B4F5500545D95 /* EntitlementsCoordinator.swift */,
				850C1EAC2E7B256E00545D95 /* RevenueCatService.swift */,
				85E4A0B02E9C8B1F0046A9D3 /* TrialReminderScheduler.swift */,
				85F61C662E4353F6002AB6F9 /* AudioPlayerProtocol.swift */,
				85AD4DBA2ED6423100C48EDB /* LoggingService.swift */,
				85F61C672E4353F6002AB6F9 /* AudioSessionService.swift */,
				85F61C682E4353F6002AB6F9 /* AVAudioPlayerWrapper.swift */,
				85F61C692E4353F6002AB6F9 /* HapticFeedbackService.swift */,
				85F61C6B2E4353F6002AB6F9 /* RemoteCommandService.swift */,
				85F61C6C2E4353F6002AB6F9 /* SoundConfigurationLoader.swift */,
				85F61C6D2E4353F6002AB6F9 /* SoundFactory.swift */,
				85F61C6E2E4353F6002AB6F9 /* SoundFactoryProtocol.swift */,
				85F61C6F2E4353F6002AB6F9 /* SoundPersistenceService.swift */,
				85F61C702E4353F6002AB6F9 /* TimerService.swift */,
			);
			path = Services;
			sourceTree = "<group>";
		};
		85F61C7F2E4353FE002AB6F9 /* ViewModels */ = {
			isa = PBXGroup;
			children = (
				85F61C7D2E4353FE002AB6F9 /* SoundViewModel.swift */,
				85F61C7E2E4353FE002AB6F9 /* WhiteNoisesViewModel.swift */,
				85B1A0012EDD000100A1B1C1 /* WhiteNoisesViewModel+Playback.swift */,
				85B1A0032EDD000100A1B1C1 /* WhiteNoisesViewModel+Timer.swift */,
				85B1A0052EDD000100A1B1C1 /* WhiteNoisesViewModel+RemoteCommands.swift */,
				85B1A0072EDD000100A1B1C1 /* WhiteNoisesViewModel+Lifecycle.swift */,
				85B1A0092EDD000100A1B1C1 /* WhiteNoisesViewModel+NowPlaying.swift */,
			);
			path = ViewModels;
			sourceTree = "<group>";
		};
		85F61C872E435402002AB6F9 /* Views */ = {
			isa = PBXGroup;
			children = (
				85F61C822E435402002AB6F9 /* ContentView.swift */,
				850C1EB62E7B5EFA00545D95 /* PaywallSheetView.swift */,
				85709F362ED6612000740A9B /* SettingsView.swift */,
				85F61C842E435402002AB6F9 /* SoundView.swift */,
				85F61C852E435402002AB6F9 /* TimerPickerView.swift */,
				85F61C862E435402002AB6F9 /* WhiteNoisesView.swift */,
			);
			path = Views;
			sourceTree = "<group>";
		};
		85F61C982E435420002AB6F9 /* Strategies */ = {
			isa = PBXGroup;
			children = (
				85F61C8D2E435410002AB6F9 /* FadeStrategy.swift */,
				85F61C8E2E435410002AB6F9 /* FadeOperation.swift */,
			);
			path = Strategies;
			sourceTree = "<group>";
		};
		95E0C1FB2F00000100000001 /* WhiteNoiseUnitTests */ = {
			isa = PBXGroup;
			children = (
				95E0C2002F00000100000001 /* TimerServiceTests.swift */,
			);
			path = WhiteNoiseUnitTests;
			sourceTree = "<group>";
		};
		D0C5F00012345678DOCS0001 /* docs */ = {
			isa = PBXGroup;
			children = (
			);
			path = docs;
			sourceTree = "<group>";
		};
		EE37D754B833475BB2129E7D /* Configuration */ = {
			isa = PBXGroup;
			children = (
				0D86E300FE2F4B08A649FD3F /* AppConfig.xcconfig */,
			);
			path = Configuration;
			sourceTree = "<group>";
		};
/* End PBXGroup section */

/* Begin PBXNativeTarget section */
		74349A4F2A26413C00AB0EF5 /* WhiteNoise */ = {
			isa = PBXNativeTarget;
			buildConfigurationList = 74349A742A26413F00AB0EF5 /* Build configuration list for PBXNativeTarget "WhiteNoise" */;
			buildPhases = (
				74349A4C2A26413C00AB0EF5 /* Sources */,
				74349A4D2A26413C00AB0EF5 /* Frameworks */,
				74349A4E2A26413C00AB0EF5 /* Resources */,
				74CD168C2A45EC29004FE649 /* Embed Foundation Extensions */,
				465837187E9E47C29B4A089C /* Upload Debug Symbols to Sentry */,
			);
			buildRules = (
			);
			dependencies = (
			);
			name = WhiteNoise;
			packageProductDependencies = (
				850656A42E835B680014A941 /* RevenueCat */,
				850656A62E835B680014A941 /* RevenueCatUI */,
				A21DA2181FD246BB9FB23FEC /* Sentry */,
			);
			productName = WhiteNoise;
			productReference = 74349A502A26413C00AB0EF5 /* WhiteSoundRuslan1234.app */;
			productType = "com.apple.product-type.application";
		};
		95E0C1FC2F00000100000001 /* WhiteNoiseUnitTests */ = {
			isa = PBXNativeTarget;
			buildConfigurationList = 95E0C2062F00000100000001 /* Build configuration list for PBXNativeTarget "WhiteNoiseUnitTests" */;
			buildPhases = (
				95E0C1FD2F00000100000001 /* Sources */,
				95E0C1FE2F00000100000001 /* Frameworks */,
			);
			buildRules = (
			);
			dependencies = (
			);
			name = WhiteNoiseUnitTests;
			productName = WhiteNoiseUnitTests;
			productReference = 85A181372E785F9300E26988 /* WhiteNoiseUnitTests.xctest */;
			productType = "com.apple.product-type.bundle.unit-test";
		};
/* End PBXNativeTarget section */

/* Begin PBXProject section */
		74349A482A26413C00AB0EF5 /* Project object */ = {
			isa = PBXProject;
			attributes = {
				BuildIndependentTargetsInParallel = 1;
				LastSwiftUpdateCheck = 1500;
				LastUpgradeCheck = 2620;
				TargetAttributes = {
					74349A4F2A26413C00AB0EF5 = {
						CreatedOnToolsVersion = 14.3;
					};
				};
			};
			buildConfigurationList = 74349A4B2A26413C00AB0EF5 /* Build configuration list for PBXProject "WhiteNoise" */;
			compatibilityVersion = "Xcode 14.0";
			developmentRegion = en;
			hasScannedForEncodings = 0;
			knownRegions = (
				en,
				Base,
				ar,
				bg,
				bn,
				ca,
				cs,
				da,
				de,
				el,
				es,
				et,
				fi,
				fil,
				fr,
				gu,
				he,
				hi,
				hr,
				hu,
				id,
				it,
				ja,
				kn,
				ko,
				lt,
				lv,
				ml,
				mr,
				ms,
				nl,
				no,
				pa,
				pl,
				"pt-BR",
				"pt-PT",
				ro,
				ru,
				sk,
				sl,
				sr,
				sv,
				sw,
				ta,
				te,
				th,
				tr,
				uk,
				vi,
				"zh-Hans",
				"zh-Hant",
			);
			mainGroup = 74349A472A26413C00AB0EF5;
			packageReferences = (
				850656A32E835B680014A941 /* XCRemoteSwiftPackageReference "purchases-ios" */,
				CBCD7C2CC4F14FC282DC58CF /* XCRemoteSwiftPackageReference "sentry-cocoa" */,
			);
			productRefGroup = 74349A512A26413C00AB0EF5 /* Products */;
			projectDirPath = "";
			projectRoot = "";
			targets = (
				74349A4F2A26413C00AB0EF5 /* WhiteNoise */,
				95E0C1FC2F00000100000001 /* WhiteNoiseUnitTests */,
			);
		};
/* End PBXProject section */

/* Begin PBXResourcesBuildPhase section */
		74349A4E2A26413C00AB0EF5 /* Resources */ = {
			isa = PBXResourcesBuildPhase;
			buildActionMask = 2147483647;
			files = (
				85LOCALEBF2F0EB54100123456 /* Localizable.xcstrings in Resources */,
				74349A5B2A26413F00AB0EF5 /* Preview Assets.xcassets in Resources */,
				85A986312E5B77B800EF08DB /* 177479__unfa__slowly-raining-loop.m4a in Resources */,
				74ABCD172A5E8FBB00123456 /* LaunchScreen.storyboard in Resources */,
				85A986352E5B7A7D00EF08DB /* car_roof_drips.m4a in Resources */,
				85A986372E5B7AAE00EF08DB /* 414482__giddster__fireplace-burning.m4a in Resources */,
				85A1813C2E78618200E26988 /* 471891__hargissssound__spring-birds-2019-processed-loop.m4a in Resources */,
				85A1813D2E78618200E26988 /* 160893__ecfike__quiet-spring-woodland-ambience.m4a in Resources */,
				85A1813E2E78618200E26988 /* 422048__nimlos__forest_cicada_loop.m4a in Resources */,
				85F61C652E4353F2002AB6F9 /* SoundConfiguration.json in Resources */,
				74349A582A26413F00AB0EF5 /* Assets.xcassets in Resources */,
				85A9863B2E5B7BED00EF08DB /* 127840__martats__waterfall_cycle.m4a in Resources */,
				85AB61DB2E79809500549201 /* 165395__shawnyboy__white-noise.m4a in Resources */,
				85AB61DC2E79809500549201 /* 249313__jarredgibb__white-noise-20dbfs-30-second.m4a in Resources */,
				85AB61DD2E79809500549201 /* 255890__andreasmustola__white-noise.m4a in Resources */,
				85AB61DE2E79809500549201 /* 349315__newagesoup__white_noise-10s.m4a in Resources */,
				85A9863F2E5B7DD000EF08DB /* 188295__willstepp__small-waterfall-at-the-mill.m4a in Resources */,
				851396942E79A2F300552A9D /* 318064__ceich93__water_lapping_river.m4a in Resources */,
				851396952E79A2F300552A9D /* 637789__kyles__river-or-stream-close-soft-babbly-current2.m4a in Resources */,
				851396962E79A2F300552A9D /* 779942__felixblume__slight-river-stream-close-slight-wind-and-sheep-far-away.m4a in Resources */,
				851396972E79A2F300552A9D /* 457960__fabrizio84__river-stream.m4a in Resources */,
				85A986332E5B782100EF08DB /* 584945__richwise__rain-loop-1.m4a in Resources */,
				851396742E79876500552A9D /* 737409__tracyradio__brown-noise.m4a in Resources */,
				851396752E79876500552A9D /* 242513__hinoirocks__brownnoise.m4a in Resources */,
				8513967D2E798E5D00552A9D /* 157881__stomachache__endlessocean-venicebeach-loop.m4a in Resources */,
				8513967E2E798E5D00552A9D /* 450755__florianreichelt__waves-of-hawaii.m4a in Resources */,
				8513967F2E798E5D00552A9D /* 531015__noted451__ocean-waves.m4a in Resources */,
				851396802E798E5D00552A9D /* 578524__samsterbirdies__calm-ocean-waves.m4a in Resources */,
				851396872E79965100552A9D /* 238295__regosss__thunderstorm.m4a in Resources */,
				851396882E79965100552A9D /* 529535__straget__thunder-2.m4a in Resources */,
				8513968A2E79965100552A9D /* 625354__johnnydekk__lightning.m4a in Resources */,
				851396812E798E5D00552A9D /* 156354__rmutt__oceanwaves-9.m4a in Resources */,
				8513968D2E799F1400552A9D /* 17374__homejrande__fire-wood-bonfire-high-eq.m4a in Resources */,
				8513968E2E799F1400552A9D /* 170247__matucha__campfire_01.m4a in Resources */,
				851396A82E79B01900552A9D /* AGENT.md in Resources */,
				851396762E79876500552A9D /* 365932__oldslowvideogamer__brown-noise-medium-oldslowvideogamer.m4a in Resources */,
				85A986392E5B7B3900EF08DB /* 495660__aunrea__fireplace.m4a in Resources */,
			);
			runOnlyForDeploymentPostprocessing = 0;
		};
/* End PBXResourcesBuildPhase section */

/* Begin PBXShellScriptBuildPhase section */
		465837187E9E47C29B4A089C /* Upload Debug Symbols to Sentry */ = {
			isa = PBXShellScriptBuildPhase;
			buildActionMask = 2147483647;
			files = (
			);
			inputPaths = (
				"${DWARF_DSYM_FOLDER_PATH}/${DWARF_DSYM_FILE_NAME}/Contents/Resources/DWARF/${TARGET_NAME}",
			);
			name = "Upload Debug Symbols to Sentry";
			outputPaths = (
				"$(DERIVED_FILE_DIR)/sentry-upload.log",
			);
			runOnlyForDeploymentPostprocessing = 0;
			shellPath = /bin/sh;
			shellScript = "# This script is responsible for uploading debug symbols and source context for Sentry.\nif which sentry-cli >/dev/null; then\n  export SENTRY_ORG=ruslanpopesku\n  export SENTRY_PROJECT=white-noise\n  ERROR=$(sentry-cli debug-files upload --include-sources \"$DWARF_DSYM_FOLDER_PATH\" 2>&1 >/dev/null)\n  if [ ! $? -eq 0 ]; then\n    echo \"warning: sentry-cli - $ERROR\"\n  fi\nelse\n  echo \"warning: sentry-cli not installed, download from https://github.com/getsentry/sentry-cli/releases\"\nfi\n";
		};
/* End PBXShellScriptBuildPhase section */

/* Begin PBXSourcesBuildPhase section */
		74349A4C2A26413C00AB0EF5 /* Sources */ = {
			isa = PBXSourcesBuildPhase;
			buildActionMask = 2147483647;
			files = (
				85F61C722E4353F6002AB6F9 /* AudioPlayerProtocol.swift in Sources */,
				85F61C742E4353F6002AB6F9 /* SoundPersistenceService.swift in Sources */,
				85F61C752E4353F6002AB6F9 /* HapticFeedbackService.swift in Sources */,
				85F61C762E4353F6002AB6F9 /* SoundFactoryProtocol.swift in Sources */,
				85F61C772E4353F6002AB6F9 /* AudioSessionService.swift in Sources */,
				85F61C782E4353F6002AB6F9 /* RemoteCommandService.swift in Sources */,
				85F61C802E4353FE002AB6F9 /* WhiteNoisesViewModel.swift in Sources */,
				85B1A0022EDD000100A1B1C1 /* WhiteNoisesViewModel+Playback.swift in Sources */,
				85B1A0042EDD000100A1B1C1 /* WhiteNoisesViewModel+Timer.swift in Sources */,
				85B1A0062EDD000100A1B1C1 /* WhiteNoisesViewModel+RemoteCommands.swift in Sources */,
				85B1A0082EDD000100A1B1C1 /* WhiteNoisesViewModel+Lifecycle.swift in Sources */,
				85B1A00A2EDD000100A1B1C1 /* WhiteNoisesViewModel+NowPlaying.swift in Sources */,
				85F61C812E4353FE002AB6F9 /* SoundViewModel.swift in Sources */,
				85F61C792E4353F6002AB6F9 /* SoundFactory.swift in Sources */,
				85F61C7A2E4353F6002AB6F9 /* AVAudioPlayerWrapper.swift in Sources */,
				85AD4DBB2ED6423100C48EDB /* LoggingService.swift in Sources */,
				850C1EB62E7B55C200545D95 /* PaywallSheetView.swift in Sources */,
				85F61C882E435402002AB6F9 /* WhiteNoisesView.swift in Sources */,
				85F61C892E435402002AB6F9 /* TimerPickerView.swift in Sources */,
				85F61C8A2E435402002AB6F9 /* ContentView.swift in Sources */,
				85F61C8C2E435402002AB6F9 /* SoundView.swift in Sources */,
				85F61C902E435410002AB6F9 /* FadeStrategy.swift in Sources */,
				85F61C912E435410002AB6F9 /* FadeOperation.swift in Sources */,
				85709F372ED6612000740A9B /* SettingsView.swift in Sources */,
				850C1EAF2E7B4F5500545D95 /* EntitlementsCoordinator.swift in Sources */,
				85E4A0B12E9C8B1F0046A9D3 /* TrialReminderScheduler.swift in Sources */,
				85F61C7B2E4353F6002AB6F9 /* SoundConfigurationLoader.swift in Sources */,
				85F61C7C2E4353F6002AB6F9 /* TimerService.swift in Sources */,
				850AD41F2E8C192E0047D214 /* TelemetryService.swift in Sources */,
				74349A542A26413C00AB0EF5 /* WhiteNoiseApp.swift in Sources */,
				850C1EAD2E7B256E00545D95 /* RevenueCatService.swift in Sources */,
				85F61C5F2E4353E0002AB6F9 /* View+Extensions.swift in Sources */,
				85F61C5C2E4353D9002AB6F9 /* AppConstants.swift in Sources */,
				85F61C622E4353E8002AB6F9 /* Sound.swift in Sources */,
				3BD1267615B97628E7E51259 /* GlassDesignSystem.swift in Sources */,
			);
			runOnlyForDeploymentPostprocessing = 0;
		};
		95E0C1FD2F00000100000001 /* Sources */ = {
			isa = PBXSourcesBuildPhase;
			buildActionMask = 2147483647;
			files = (
				95E0C2012F00000100000001 /* TimerServiceTests.swift in Sources */,
			);
			runOnlyForDeploymentPostprocessing = 0;
		};
/* End PBXSourcesBuildPhase section */

/* Begin XCBuildConfiguration section */
		74349A722A26413F00AB0EF5 /* Debug */ = {
			isa = XCBuildConfiguration;
			baseConfigurationReference = 0D86E300FE2F4B08A649FD3F /* AppConfig.xcconfig */;
			buildSettings = {
				ALWAYS_SEARCH_USER_PATHS = NO;
				ASSETCATALOG_COMPILER_GENERATE_SWIFT_ASSET_SYMBOL_EXTENSIONS = YES;
				CLANG_ANALYZER_LOCALIZABILITY_NONLOCALIZED = YES;
				CLANG_ANALYZER_NONNULL = YES;
				CLANG_ANALYZER_NUMBER_OBJECT_CONVERSION = YES_AGGRESSIVE;
				CLANG_CXX_LANGUAGE_STANDARD = "gnu++20";
				CLANG_ENABLE_MODULES = YES;
				CLANG_ENABLE_OBJC_ARC = YES;
				CLANG_ENABLE_OBJC_WEAK = YES;
				CLANG_WARN_BLOCK_CAPTURE_AUTORELEASING = YES;
				CLANG_WARN_BOOL_CONVERSION = YES;
				CLANG_WARN_COMMA = YES;
				CLANG_WARN_CONSTANT_CONVERSION = YES;
				CLANG_WARN_DEPRECATED_OBJC_IMPLEMENTATIONS = YES;
				CLANG_WARN_DIRECT_OBJC_ISA_USAGE = YES_ERROR;
				CLANG_WARN_DOCUMENTATION_COMMENTS = YES;
				CLANG_WARN_EMPTY_BODY = YES;
				CLANG_WARN_ENUM_CONVERSION = YES;
				CLANG_WARN_INFINITE_RECURSION = YES;
				CLANG_WARN_INT_CONVERSION = YES;
				CLANG_WARN_NON_LITERAL_NULL_CONVERSION = YES;
				CLANG_WARN_OBJC_IMPLICIT_RETAIN_SELF = YES;
				CLANG_WARN_OBJC_LITERAL_CONVERSION = YES;
				CLANG_WARN_OBJC_ROOT_CLASS = YES_ERROR;
				CLANG_WARN_QUOTED_INCLUDE_IN_FRAMEWORK_HEADER = YES;
				CLANG_WARN_RANGE_LOOP_ANALYSIS = YES;
				CLANG_WARN_STRICT_PROTOTYPES = YES;
				CLANG_WARN_SUSPICIOUS_MOVE = YES;
				CLANG_WARN_UNGUARDED_AVAILABILITY = YES_AGGRESSIVE;
				CLANG_WARN_UNREACHABLE_CODE = YES;
				CLANG_WARN__DUPLICATE_METHOD_MATCH = YES;
				COPY_PHASE_STRIP = NO;
				DEBUG_INFORMATION_FORMAT = dwarf;
				DEVELOPMENT_TEAM = FWHF624C4H;
				ENABLE_STRICT_OBJC_MSGSEND = YES;
				ENABLE_TESTABILITY = YES;
				ENABLE_USER_SCRIPT_SANDBOXING = YES;
				GCC_C_LANGUAGE_STANDARD = gnu11;
				GCC_DYNAMIC_NO_PIC = NO;
				GCC_NO_COMMON_BLOCKS = YES;
				GCC_OPTIMIZATION_LEVEL = 0;
				GCC_PREPROCESSOR_DEFINITIONS = (
					"DEBUG=1",
					"$(inherited)",
				);
				GCC_WARN_64_TO_32_BIT_CONVERSION = YES;
				GCC_WARN_ABOUT_RETURN_TYPE = YES_ERROR;
				GCC_WARN_UNDECLARED_SELECTOR = YES;
				GCC_WARN_UNINITIALIZED_AUTOS = YES_AGGRESSIVE;
				GCC_WARN_UNUSED_FUNCTION = YES;
				GCC_WARN_UNUSED_VARIABLE = YES;
				IPHONEOS_DEPLOYMENT_TARGET = 17.0;
				MACOSX_DEPLOYMENT_TARGET = 14.0;
				MTL_ENABLE_DEBUG_INFO = INCLUDE_SOURCE;
				MTL_FAST_MATH = YES;
				ONLY_ACTIVE_ARCH = YES;
				SDKROOT = appletvos;
				STRING_CATALOG_GENERATE_SYMBOLS = YES;
				SWIFT_ACTIVE_COMPILATION_CONDITIONS = DEBUG;
				SWIFT_OPTIMIZATION_LEVEL = "-Onone";
				TVOS_DEPLOYMENT_TARGET = 16.4;
			};
			name = Debug;
		};
		74349A732A26413F00AB0EF5 /* Release */ = {
			isa = XCBuildConfiguration;
			baseConfigurationReference = 0D86E300FE2F4B08A649FD3F /* AppConfig.xcconfig */;
			buildSettings = {
				ALWAYS_SEARCH_USER_PATHS = NO;
				ASSETCATALOG_COMPILER_GENERATE_SWIFT_ASSET_SYMBOL_EXTENSIONS = YES;
				CLANG_ANALYZER_LOCALIZABILITY_NONLOCALIZED = YES;
				CLANG_ANALYZER_NONNULL = YES;
				CLANG_ANALYZER_NUMBER_OBJECT_CONVERSION = YES_AGGRESSIVE;
				CLANG_CXX_LANGUAGE_STANDARD = "gnu++20";
				CLANG_ENABLE_MODULES = YES;
				CLANG_ENABLE_OBJC_ARC = YES;
				CLANG_ENABLE_OBJC_WEAK = YES;
				CLANG_WARN_BLOCK_CAPTURE_AUTORELEASING = YES;
				CLANG_WARN_BOOL_CONVERSION = YES;
				CLANG_WARN_COMMA = YES;
				CLANG_WARN_CONSTANT_CONVERSION = YES;
				CLANG_WARN_DEPRECATED_OBJC_IMPLEMENTATIONS = YES;
				CLANG_WARN_DIRECT_OBJC_ISA_USAGE = YES_ERROR;
				CLANG_WARN_DOCUMENTATION_COMMENTS = YES;
				CLANG_WARN_EMPTY_BODY = YES;
				CLANG_WARN_ENUM_CONVERSION = YES;
				CLANG_WARN_INFINITE_RECURSION = YES;
				CLANG_WARN_INT_CONVERSION = YES;
				CLANG_WARN_NON_LITERAL_NULL_CONVERSION = YES;
				CLANG_WARN_OBJC_IMPLICIT_RETAIN_SELF = YES;
				CLANG_WARN_OBJC_LITERAL_CONVERSION = YES;
				CLANG_WARN_OBJC_ROOT_CLASS = YES_ERROR;
				CLANG_WARN_QUOTED_INCLUDE_IN_FRAMEWORK_HEADER = YES;
				CLANG_WARN_RANGE_LOOP_ANALYSIS = YES;
				CLANG_WARN_STRICT_PROTOTYPES = YES;
				CLANG_WARN_SUSPICIOUS_MOVE = YES;
				CLANG_WARN_UNGUARDED_AVAILABILITY = YES_AGGRESSIVE;
				CLANG_WARN_UNREACHABLE_CODE = YES;
				CLANG_WARN__DUPLICATE_METHOD_MATCH = YES;
				COPY_PHASE_STRIP = NO;
				DEBUG_INFORMATION_FORMAT = "dwarf-with-dsym";
				DEVELOPMENT_TEAM = FWHF624C4H;
				ENABLE_NS_ASSERTIONS = NO;
				ENABLE_STRICT_OBJC_MSGSEND = YES;
				ENABLE_USER_SCRIPT_SANDBOXING = YES;
				GCC_C_LANGUAGE_STANDARD = gnu11;
				GCC_NO_COMMON_BLOCKS = YES;
				GCC_WARN_64_TO_32_BIT_CONVERSION = YES;
				GCC_WARN_ABOUT_RETURN_TYPE = YES_ERROR;
				GCC_WARN_UNDECLARED_SELECTOR = YES;
				GCC_WARN_UNINITIALIZED_AUTOS = YES_AGGRESSIVE;
				GCC_WARN_UNUSED_FUNCTION = YES;
				GCC_WARN_UNUSED_VARIABLE = YES;
				IPHONEOS_DEPLOYMENT_TARGET = 17.0;
				MACOSX_DEPLOYMENT_TARGET = 14.0;
				MTL_ENABLE_DEBUG_INFO = NO;
				MTL_FAST_MATH = YES;
				SDKROOT = appletvos;
				STRING_CATALOG_GENERATE_SYMBOLS = YES;
				SWIFT_COMPILATION_MODE = wholemodule;
				SWIFT_OPTIMIZATION_LEVEL = "-O";
				TVOS_DEPLOYMENT_TARGET = 16.4;
				VALIDATE_PRODUCT = YES;
			};
			name = Release;
		};
		74349A752A26413F00AB0EF5 /* Debug */ = {
			isa = XCBuildConfiguration;
			buildSettings = {
				ASSETCATALOG_COMPILER_APPICON_NAME = AppIcon;
				ASSETCATALOG_COMPILER_GLOBAL_ACCENT_COLOR_NAME = AccentColor;
				ASSETCATALOG_COMPILER_INCLUDE_ALL_APPICON_ASSETS = YES;
				CODE_SIGN_ENTITLEMENTS = WhiteNoise/WhiteNoise.entitlements;
				"CODE_SIGN_IDENTITY[sdk=macosx*]" = "Apple Development";
				CODE_SIGN_STYLE = Automatic;
				CURRENT_PROJECT_VERSION = 142;
				DEBUG_INFORMATION_FORMAT = dwarf;
				DEVELOPMENT_ASSET_PATHS = "\"WhiteNoise/Preview Content\"";
				ENABLE_PREVIEWS = YES;
				ENABLE_USER_SCRIPT_SANDBOXING = NO;
				GCC_GENERATE_DEBUGGING_SYMBOLS = YES;
				GENERATE_INFOPLIST_FILE = YES;
				INFOPLIST_FILE = WhiteNoise/Info.plist;
				INFOPLIST_KEY_CFBundleDisplayName = "White Sound";
				INFOPLIST_KEY_ITSAppUsesNonExemptEncryption = NO;
				INFOPLIST_KEY_LSApplicationCategoryType = "public.app-category.healthcare-fitness";
				INFOPLIST_KEY_NSHumanReadableCopyright = "© 2025 Ruslan Popesku. All rights reserved.";
				INFOPLIST_KEY_UILaunchStoryboardName = LaunchScreen;
				INFOPLIST_KEY_UIStatusBarHidden = NO;
				INFOPLIST_KEY_UIStatusBarStyle = "";
				INFOPLIST_KEY_UISupportedInterfaceOrientations = "UIInterfaceOrientationPortrait UIInterfaceOrientationPortraitUpsideDown";
				INFOPLIST_KEY_UISupportedInterfaceOrientations_iPad = "UIInterfaceOrientationLandscapeLeft UIInterfaceOrientationLandscapeRight UIInterfaceOrientationPortrait UIInterfaceOrientationPortraitUpsideDown";
				INFOPLIST_KEY_UIUserInterfaceStyle = Automatic;
				IPHONEOS_DEPLOYMENT_TARGET = 17.0;
				LD_RUNPATH_SEARCH_PATHS = (
					"$(inherited)",
					"@executable_path/Frameworks",
				);
				MACOSX_DEPLOYMENT_TARGET = 14.0;
				MARKETING_VERSION = 1.4.2;
				PRODUCT_BUNDLE_IDENTIFIER = ruslan.whiteNoise.WhiteNoise;
				PRODUCT_NAME = WhiteSoundRuslan1234;
				SUPPORTED_PLATFORMS = "iphoneos iphonesimulator";
				SUPPORTS_MACCATALYST = NO;
				SUPPORTS_MAC_DESIGNED_FOR_IPHONE_IPAD = NO;
				SWIFT_EMIT_LOC_STRINGS = YES;
				SWIFT_STRICT_CONCURRENCY = complete;
				SWIFT_VERSION = 5.0;
				TARGETED_DEVICE_FAMILY = "1,2";
				TVOS_DEPLOYMENT_TARGET = 16.0;
			};
			name = Debug;
		};
		74349A762A26413F00AB0EF5 /* Release */ = {
			isa = XCBuildConfiguration;
			buildSettings = {
				ASSETCATALOG_COMPILER_APPICON_NAME = AppIcon;
				ASSETCATALOG_COMPILER_GLOBAL_ACCENT_COLOR_NAME = AccentColor;
				ASSETCATALOG_COMPILER_INCLUDE_ALL_APPICON_ASSETS = YES;
				CODE_SIGN_ENTITLEMENTS = WhiteNoise/WhiteNoise.entitlements;
				"CODE_SIGN_IDENTITY[sdk=macosx*]" = "Apple Development";
				CODE_SIGN_STYLE = Automatic;
				CURRENT_PROJECT_VERSION = 142;
				DEBUG_INFORMATION_FORMAT = "dwarf-with-dsym";
				DEVELOPMENT_ASSET_PATHS = "\"WhiteNoise/Preview Content\"";
				ENABLE_PREVIEWS = YES;
				ENABLE_USER_SCRIPT_SANDBOXING = NO;
				GCC_GENERATE_DEBUGGING_SYMBOLS = YES;
				GENERATE_INFOPLIST_FILE = YES;
				INFOPLIST_FILE = WhiteNoise/Info.plist;
				INFOPLIST_KEY_CFBundleDisplayName = "White Sound";
				INFOPLIST_KEY_ITSAppUsesNonExemptEncryption = NO;
				INFOPLIST_KEY_LSApplicationCategoryType = "public.app-category.healthcare-fitness";
				INFOPLIST_KEY_NSHumanReadableCopyright = "© 2025 Ruslan Popesku. All rights reserved.";
				INFOPLIST_KEY_UILaunchStoryboardName = LaunchScreen;
				INFOPLIST_KEY_UIStatusBarHidden = NO;
				INFOPLIST_KEY_UIStatusBarStyle = "";
				INFOPLIST_KEY_UISupportedInterfaceOrientations = "UIInterfaceOrientationPortrait UIInterfaceOrientationPortraitUpsideDown";
				INFOPLIST_KEY_UISupportedInterfaceOrientations_iPad = "UIInterfaceOrientationLandscapeLeft UIInterfaceOrientationLandscapeRight UIInterfaceOrientationPortrait UIInterfaceOrientationPortraitUpsideDown";
				INFOPLIST_KEY_UIUserInterfaceStyle = Automatic;
				IPHONEOS_DEPLOYMENT_TARGET = 17.0;
				LD_RUNPATH_SEARCH_PATHS = (
					"$(inherited)",
					"@executable_path/Frameworks",
				);
				MACOSX_DEPLOYMENT_TARGET = 14.0;
				MARKETING_VERSION = 1.4.2;
				PRODUCT_BUNDLE_IDENTIFIER = ruslan.whiteNoise.WhiteNoise;
				PRODUCT_NAME = WhiteSoundRuslan1234;
				SUPPORTED_PLATFORMS = "iphoneos iphonesimulator";
				SUPPORTS_MACCATALYST = NO;
				SUPPORTS_MAC_DESIGNED_FOR_IPHONE_IPAD = NO;
				SWIFT_EMIT_LOC_STRINGS = YES;
				SWIFT_STRICT_CONCURRENCY = complete;
				SWIFT_VERSION = 5.0;
				TARGETED_DEVICE_FAMILY = "1,2";
				TVOS_DEPLOYMENT_TARGET = 16.0;
			};
			name = Release;
		};
		95E0C2072F00000100000001 /* Debug */ = {
			isa = XCBuildConfiguration;
			buildSettings = {
				CODE_SIGN_STYLE = Automatic;
				GENERATE_INFOPLIST_FILE = YES;
				IPHONEOS_DEPLOYMENT_TARGET = 17.0;
				LD_RUNPATH_SEARCH_PATHS = (
					"$(inherited)",
					"@executable_path/Frameworks",
					"@loader_path/Frameworks",
				);
				PRODUCT_BUNDLE_IDENTIFIER = ruslan.whiteNoise.WhiteNoiseUnitTests;
				PRODUCT_NAME = "$(TARGET_NAME)";
				SDKROOT = iphoneos;
				SWIFT_VERSION = 5.0;
				TARGETED_DEVICE_FAMILY = "1,2";
			};
			name = Debug;
		};
		95E0C2082F00000100000001 /* Release */ = {
			isa = XCBuildConfiguration;
			buildSettings = {
				CODE_SIGN_STYLE = Automatic;
				GENERATE_INFOPLIST_FILE = YES;
				IPHONEOS_DEPLOYMENT_TARGET = 17.0;
				LD_RUNPATH_SEARCH_PATHS = (
					"$(inherited)",
					"@executable_path/Frameworks",
					"@loader_path/Frameworks",
				);
				PRODUCT_BUNDLE_IDENTIFIER = ruslan.whiteNoise.WhiteNoiseUnitTests;
				PRODUCT_NAME = "$(TARGET_NAME)";
				SDKROOT = iphoneos;
				SWIFT_VERSION = 5.0;
				TARGETED_DEVICE_FAMILY = "1,2";
			};
			name = Release;
		};
/* End XCBuildConfiguration section */

/* Begin XCConfigurationList section */
		74349A4B2A26413C00AB0EF5 /* Build configuration list for PBXProject "WhiteNoise" */ = {
			isa = XCConfigurationList;
			buildConfigurations = (
				74349A722A26413F00AB0EF5 /* Debug */,
				74349A732A26413F00AB0EF5 /* Release */,
			);
			defaultConfigurationIsVisible = 0;
			defaultConfigurationName = Release;
		};
		74349A742A26413F00AB0EF5 /* Build configuration list for PBXNativeTarget "WhiteNoise" */ = {
			isa = XCConfigurationList;
			buildConfigurations = (
				74349A752A26413F00AB0EF5 /* Debug */,
				74349A762A26413F00AB0EF5 /* Release */,
			);
			defaultConfigurationIsVisible = 0;
			defaultConfigurationName = Release;
		};
		95E0C2062F00000100000001 /* Build configuration list for PBXNativeTarget "WhiteNoiseUnitTests" */ = {
			isa = XCConfigurationList;
			buildConfigurations = (
				95E0C2072F00000100000001 /* Debug */,
				95E0C2082F00000100000001 /* Release */,
			);
			defaultConfigurationIsVisible = 0;
			defaultConfigurationName = Release;
		};
/* End XCConfigurationList section */

/* Begin XCRemoteSwiftPackageReference section */
		850656A32E835B680014A941 /* XCRemoteSwiftPackageReference "purchases-ios" */ = {
			isa = XCRemoteSwiftPackageReference;
			repositoryURL = "https://github.com/RevenueCat/purchases-ios";
			requirement = {
				kind = upToNextMajorVersion;
				minimumVersion = 5.39.3;
			};
		};
		CBCD7C2CC4F14FC282DC58CF /* XCRemoteSwiftPackageReference "sentry-cocoa" */ = {
			isa = XCRemoteSwiftPackageReference;
			repositoryURL = "https://github.com/getsentry/sentry-cocoa/";
			requirement = {
				kind = upToNextMajorVersion;
				minimumVersion = 8.0.0;
			};
		};
/* End XCRemoteSwiftPackageReference section */

/* Begin XCSwiftPackageProductDependency section */
		850656A42E835B680014A941 /* RevenueCat */ = {
			isa = XCSwiftPackageProductDependency;
			package = 850656A32E835B680014A941 /* XCRemoteSwiftPackageReference "purchases-ios" */;
			productName = RevenueCat;
		};
		850656A62E835B680014A941 /* RevenueCatUI */ = {
			isa = XCSwiftPackageProductDependency;
			package = 850656A32E835B680014A941 /* XCRemoteSwiftPackageReference "purchases-ios" */;
			productName = RevenueCatUI;
		};
		A21DA2181FD246BB9FB23FEC /* Sentry */ = {
			isa = XCSwiftPackageProductDependency;
			package = CBCD7C2CC4F14FC282DC58CF /* XCRemoteSwiftPackageReference "sentry-cocoa" */;
			productName = Sentry;
		};
/* End XCSwiftPackageProductDependency section */
	};
	rootObject = 74349A482A26413C00AB0EF5 /* Project object */;
}
